// !$*UTF8*$!
{
	archiveVersion = 1;
	classes = {
	};
	objectVersion = 56;
	objects = {

/* Begin PBXBuildFile section */
		690231E72A8B997500D02EFD /* FirebaseAuth in Frameworks */ = {isa = PBXBuildFile; productRef = 690231E62A8B997500D02EFD /* FirebaseAuth */; };
		690231E92A8B999400D02EFD /* FirebaseFirestoreSwift in Frameworks */ = {isa = PBXBuildFile; productRef = 690231E82A8B999400D02EFD /* FirebaseFirestoreSwift */; };
		690231EB2A8B99A200D02EFD /* FirebaseStorage in Frameworks */ = {isa = PBXBuildFile; productRef = 690231EA2A8B99A200D02EFD /* FirebaseStorage */; };
		690231ED2A8B9A9700D02EFD /* FoodWorkerMock.swift in Sources */ = {isa = PBXBuildFile; fileRef = 690231EC2A8B9A9600D02EFD /* FoodWorkerMock.swift */; };
		6902D3882A7CEFF0007EE76E /* FoodGroupViewController.swift in Sources */ = {isa = PBXBuildFile; fileRef = 6902D3872A7CEFF0007EE76E /* FoodGroupViewController.swift */; };
		6902D38A2A7CF00B007EE76E /* FoodGroupView.swift in Sources */ = {isa = PBXBuildFile; fileRef = 6902D3892A7CF00B007EE76E /* FoodGroupView.swift */; };
		6902D38C2A7CF0AB007EE76E /* FoodGroupInteractor.swift in Sources */ = {isa = PBXBuildFile; fileRef = 6902D38B2A7CF0AB007EE76E /* FoodGroupInteractor.swift */; };
		6902D38E2A7CF138007EE76E /* FoodGroupPresenter.swift in Sources */ = {isa = PBXBuildFile; fileRef = 6902D38D2A7CF138007EE76E /* FoodGroupPresenter.swift */; };
		6902D3902A7CF162007EE76E /* FoodGroupModels.swift in Sources */ = {isa = PBXBuildFile; fileRef = 6902D38F2A7CF162007EE76E /* FoodGroupModels.swift */; };
		6902D3922A7CF601007EE76E /* FoodCategory.swift in Sources */ = {isa = PBXBuildFile; fileRef = 6902D3912A7CF601007EE76E /* FoodCategory.swift */; };
		6912DA232A10A45A002785E3 /* FormTextField.swift in Sources */ = {isa = PBXBuildFile; fileRef = 6912DA222A10A45A002785E3 /* FormTextField.swift */; };
		6912DA2C2A10C0C4002785E3 /* GoogleService-Info.plist in Resources */ = {isa = PBXBuildFile; fileRef = 6912DA2B2A10C0C4002785E3 /* GoogleService-Info.plist */; };
		6912DA2E2A10C175002785E3 /* LoginPresenter.swift in Sources */ = {isa = PBXBuildFile; fileRef = 6912DA2D2A10C175002785E3 /* LoginPresenter.swift */; };
		6912DA302A10C379002785E3 /* LoginInteractor.swift in Sources */ = {isa = PBXBuildFile; fileRef = 6912DA2F2A10C379002785E3 /* LoginInteractor.swift */; };
		6917A82B2A13F5D1002EFA5D /* RegisterView.swift in Sources */ = {isa = PBXBuildFile; fileRef = 6917A82A2A13F5D1002EFA5D /* RegisterView.swift */; };
		6917A82D2A14E18D002EFA5D /* RegisterModels.swift in Sources */ = {isa = PBXBuildFile; fileRef = 6917A82C2A14E18D002EFA5D /* RegisterModels.swift */; };
		6917A82F2A14E248002EFA5D /* RegisterInteractor.swift in Sources */ = {isa = PBXBuildFile; fileRef = 6917A82E2A14E248002EFA5D /* RegisterInteractor.swift */; };
		6917A8312A14E29F002EFA5D /* RegisterPresenter.swift in Sources */ = {isa = PBXBuildFile; fileRef = 6917A8302A14E29F002EFA5D /* RegisterPresenter.swift */; };
		6917A8342A151646002EFA5D /* ForgetPasswordViewController.swift in Sources */ = {isa = PBXBuildFile; fileRef = 6917A8332A151646002EFA5D /* ForgetPasswordViewController.swift */; };
		6917A8362A151664002EFA5D /* ForgetPasswordView.swift in Sources */ = {isa = PBXBuildFile; fileRef = 6917A8352A151664002EFA5D /* ForgetPasswordView.swift */; };
		6917A8382A1516BC002EFA5D /* FormCardView.swift in Sources */ = {isa = PBXBuildFile; fileRef = 6917A8372A1516BC002EFA5D /* FormCardView.swift */; };
		691A78E62A45B3530005944A /* CartViewController.swift in Sources */ = {isa = PBXBuildFile; fileRef = 691A78E52A45B3530005944A /* CartViewController.swift */; };
		691A78E82A45B3660005944A /* CartInteractor.swift in Sources */ = {isa = PBXBuildFile; fileRef = 691A78E72A45B3660005944A /* CartInteractor.swift */; };
		691A78EA2A45BD720005944A /* CartModels.swift in Sources */ = {isa = PBXBuildFile; fileRef = 691A78E92A45BD720005944A /* CartModels.swift */; };
		6922476A2A0A9DEB0025C682 /* AppDelegate.swift in Sources */ = {isa = PBXBuildFile; fileRef = 692247692A0A9DEB0025C682 /* AppDelegate.swift */; };
		6922476C2A0A9DEB0025C682 /* SceneDelegate.swift in Sources */ = {isa = PBXBuildFile; fileRef = 6922476B2A0A9DEB0025C682 /* SceneDelegate.swift */; };
		692247732A0A9DED0025C682 /* Assets.xcassets in Resources */ = {isa = PBXBuildFile; fileRef = 692247722A0A9DED0025C682 /* Assets.xcassets */; };
		692247762A0A9DED0025C682 /* LaunchScreen.storyboard in Resources */ = {isa = PBXBuildFile; fileRef = 692247742A0A9DED0025C682 /* LaunchScreen.storyboard */; };
		692247842A0AA5680025C682 /* OnboardingViewController.swift in Sources */ = {isa = PBXBuildFile; fileRef = 692247832A0AA5680025C682 /* OnboardingViewController.swift */; };
		6922478A2A0AD6E90025C682 /* OnboardingPageViewController.swift in Sources */ = {isa = PBXBuildFile; fileRef = 692247892A0AD6E90025C682 /* OnboardingPageViewController.swift */; };
		692F01012A1CDC8A005F4FB4 /* RestaurantCollectionViewCell.swift in Sources */ = {isa = PBXBuildFile; fileRef = 692F01002A1CDC89005F4FB4 /* RestaurantCollectionViewCell.swift */; };
		692F01032A1E8022005F4FB4 /* HomeModels.swift in Sources */ = {isa = PBXBuildFile; fileRef = 692F01022A1E8022005F4FB4 /* HomeModels.swift */; };
		6932F8D22A2A51FC00AD1633 /* InfoPlist.strings in Resources */ = {isa = PBXBuildFile; fileRef = 6932F8D42A2A51FC00AD1633 /* InfoPlist.strings */; };
		6932F8D62A2B69F200AD1633 /* SectionLayoutCreator.swift in Sources */ = {isa = PBXBuildFile; fileRef = 6932F8D52A2B69F200AD1633 /* SectionLayoutCreator.swift */; };
		6932F8DA2A2B80D900AD1633 /* MapKitRestaurantsWorker.swift in Sources */ = {isa = PBXBuildFile; fileRef = 6932F8D92A2B80D900AD1633 /* MapKitRestaurantsWorker.swift */; };
		693AFEB12A2F20E000C30FC3 /* Row.swift in Sources */ = {isa = PBXBuildFile; fileRef = 693AFEB02A2F20E000C30FC3 /* Row.swift */; };
		6950C17C2A0CBA9100E4F400 /* Localizable.strings in Resources */ = {isa = PBXBuildFile; fileRef = 6950C17B2A0CBA9100E4F400 /* Localizable.strings */; };
		69544D212A2DE3F2008AF4BC /* ProfileViewController.swift in Sources */ = {isa = PBXBuildFile; fileRef = 69544D202A2DE3F2008AF4BC /* ProfileViewController.swift */; };
		69544D232A2DE568008AF4BC /* ProfileView.swift in Sources */ = {isa = PBXBuildFile; fileRef = 69544D222A2DE568008AF4BC /* ProfileView.swift */; };
		695E8D232A1A8795009F381B /* LocationView.swift in Sources */ = {isa = PBXBuildFile; fileRef = 695E8D222A1A8795009F381B /* LocationView.swift */; };
		6976576B2A18A43400DF38EA /* TabBarController.swift in Sources */ = {isa = PBXBuildFile; fileRef = 6976576A2A18A43400DF38EA /* TabBarController.swift */; };
		6976576E2A18A4A800DF38EA /* HomeViewController.swift in Sources */ = {isa = PBXBuildFile; fileRef = 6976576D2A18A4A800DF38EA /* HomeViewController.swift */; };
		697A68D62A306525007CE40C /* CollectionViewHeader.swift in Sources */ = {isa = PBXBuildFile; fileRef = 697A68D52A306525007CE40C /* CollectionViewHeader.swift */; };
		69825D9A2A4871E400D7988C /* CartPresenter.swift in Sources */ = {isa = PBXBuildFile; fileRef = 69825D992A4871E400D7988C /* CartPresenter.swift */; };
		69825D9C2A48772F00D7988C /* CartView.swift in Sources */ = {isa = PBXBuildFile; fileRef = 69825D9B2A48772F00D7988C /* CartView.swift */; };
		69825D9E2A48799400D7988C /* CartTableViewCell.swift in Sources */ = {isa = PBXBuildFile; fileRef = 69825D9D2A48799400D7988C /* CartTableViewCell.swift */; };
		698882C42A9DE8E30081F419 /* ItemWrapper.swift in Sources */ = {isa = PBXBuildFile; fileRef = 698882C32A9DE8E30081F419 /* ItemWrapper.swift */; };
		698882C62A9E317F0081F419 /* NoResultsFoundView.swift in Sources */ = {isa = PBXBuildFile; fileRef = 698882C52A9E317F0081F419 /* NoResultsFoundView.swift */; };
		698BF3E62A3CC1BF00AE3F8E /* Stepper.swift in Sources */ = {isa = PBXBuildFile; fileRef = 698BF3E52A3CC1BF00AE3F8E /* Stepper.swift */; };
		69905F002A180DFC0037516C /* LoginRouter.swift in Sources */ = {isa = PBXBuildFile; fileRef = 69905EFF2A180DFC0037516C /* LoginRouter.swift */; };
		6993670A2A8E12D800FE86C1 /* SearchResultsPresenter.swift in Sources */ = {isa = PBXBuildFile; fileRef = 699367092A8E12D800FE86C1 /* SearchResultsPresenter.swift */; };
		6993670C2A8E12E200FE86C1 /* SearchResultsInteractor.swift in Sources */ = {isa = PBXBuildFile; fileRef = 6993670B2A8E12E200FE86C1 /* SearchResultsInteractor.swift */; };
		69947D432A1283AB0062A04F /* LoginModels.swift in Sources */ = {isa = PBXBuildFile; fileRef = 69947D422A1283AB0062A04F /* LoginModels.swift */; };
		69947D4D2A12A2F60062A04F /* UIWindow + Extensions.swift in Sources */ = {isa = PBXBuildFile; fileRef = 69947D4C2A12A2F60062A04F /* UIWindow + Extensions.swift */; };
		69947D502A12A7C00062A04F /* RegisterViewController.swift in Sources */ = {isa = PBXBuildFile; fileRef = 69947D4F2A12A7C00062A04F /* RegisterViewController.swift */; };
		6999B3DF2A38BB5100E83C9E /* FoodDetailsViewController.swift in Sources */ = {isa = PBXBuildFile; fileRef = 6999B3DE2A38BB5100E83C9E /* FoodDetailsViewController.swift */; };
		6999B3E12A38BC2900E83C9E /* FoodDetailsView.swift in Sources */ = {isa = PBXBuildFile; fileRef = 6999B3E02A38BC2900E83C9E /* FoodDetailsView.swift */; };
		6999B3E32A38D96700E83C9E /* PriceView.swift in Sources */ = {isa = PBXBuildFile; fileRef = 6999B3E22A38D96700E83C9E /* PriceView.swift */; };
		6999C8182A969B0900A9AE32 /* RestaurantWorkerLogic.swift in Sources */ = {isa = PBXBuildFile; fileRef = 6999C8172A969B0900A9AE32 /* RestaurantWorkerLogic.swift */; };
		699F3D2B2A16381400F56A9C /* ForgetPasswordModels.swift in Sources */ = {isa = PBXBuildFile; fileRef = 699F3D2A2A16381400F56A9C /* ForgetPasswordModels.swift */; };
		699F3D2D2A163A8D00F56A9C /* ForgetPasswordInteractor.swift in Sources */ = {isa = PBXBuildFile; fileRef = 699F3D2C2A163A8D00F56A9C /* ForgetPasswordInteractor.swift */; };
		699F3D2F2A163B1700F56A9C /* ForgetPasswordPresenter.swift in Sources */ = {isa = PBXBuildFile; fileRef = 699F3D2E2A163B1700F56A9C /* ForgetPasswordPresenter.swift */; };
		69B2D93F2A0E992800323A8A /* LoginView.swift in Sources */ = {isa = PBXBuildFile; fileRef = 69B2D93E2A0E992800323A8A /* LoginView.swift */; };
		69B2D9412A0E993700323A8A /* LoginViewController.swift in Sources */ = {isa = PBXBuildFile; fileRef = 69B2D9402A0E993700323A8A /* LoginViewController.swift */; };
		69B856B02A8D05D60063A550 /* SearchResultsModels.swift in Sources */ = {isa = PBXBuildFile; fileRef = 69B856AF2A8D05D60063A550 /* SearchResultsModels.swift */; };
		69B9AD402A0BBD2500A48E05 /* SnapKit in Frameworks */ = {isa = PBXBuildFile; productRef = 69B9AD3F2A0BBD2500A48E05 /* SnapKit */; };
		69BC39A02A29E44400545DBD /* FoodCategoryCollectionViewCell.swift in Sources */ = {isa = PBXBuildFile; fileRef = 69BC399F2A29E44400545DBD /* FoodCategoryCollectionViewCell.swift */; };
		69C3BADC2A5974BF0049E771 /* CartWorkerLogic.swift in Sources */ = {isa = PBXBuildFile; fileRef = 69C3BADB2A5974BF0049E771 /* CartWorkerLogic.swift */; };
		69C3BADE2A5974CD0049E771 /* FirebaseCartWorker.swift in Sources */ = {isa = PBXBuildFile; fileRef = 69C3BADD2A5974CD0049E771 /* FirebaseCartWorker.swift */; };
		69CA7CB92A41B94B007E24C1 /* HomeRouter.swift in Sources */ = {isa = PBXBuildFile; fileRef = 69CA7CB82A41B94B007E24C1 /* HomeRouter.swift */; };
		69CA7CBC2A41C2D5007E24C1 /* Food.swift in Sources */ = {isa = PBXBuildFile; fileRef = 69CA7CBB2A41C2D5007E24C1 /* Food.swift */; };
		69D2202A2A1C94060011DE4C /* HomeView.swift in Sources */ = {isa = PBXBuildFile; fileRef = 69D220292A1C94060011DE4C /* HomeView.swift */; };
		69DC1A992A276A7E00B0C700 /* NewsCollectionViewCell.swift in Sources */ = {isa = PBXBuildFile; fileRef = 69DC1A982A276A7E00B0C700 /* NewsCollectionViewCell.swift */; };
		69DC1AA02A277E0F00B0C700 /* FoodCollectionViewCell.swift in Sources */ = {isa = PBXBuildFile; fileRef = 69DC1A9F2A277E0F00B0C700 /* FoodCollectionViewCell.swift */; };
		69DC1AA32A277E4500B0C700 /* Kingfisher in Frameworks */ = {isa = PBXBuildFile; productRef = 69DC1AA22A277E4500B0C700 /* Kingfisher */; };
		69DCDF342A990A9200F9E8AD /* FoodTableViewCell.swift in Sources */ = {isa = PBXBuildFile; fileRef = 69DCDF332A990A9200F9E8AD /* FoodTableViewCell.swift */; };
		69DCDF362A990BBD00F9E8AD /* RestaurantTableViewCell.swift in Sources */ = {isa = PBXBuildFile; fileRef = 69DCDF352A990BBD00F9E8AD /* RestaurantTableViewCell.swift */; };
		69DCDF3C2A9BD40400F9E8AD /* SearchResultsView.swift in Sources */ = {isa = PBXBuildFile; fileRef = 69DCDF3B2A9BD40400F9E8AD /* SearchResultsView.swift */; };
		69DFC7432A34C18D00BBA122 /* FirebaseAuth in Frameworks */ = {isa = PBXBuildFile; productRef = 69DFC7422A34C18D00BBA122 /* FirebaseAuth */; };
		69DFC7452A34C18D00BBA122 /* FirebaseFirestoreSwift in Frameworks */ = {isa = PBXBuildFile; productRef = 69DFC7442A34C18D00BBA122 /* FirebaseFirestoreSwift */; };
		69DFC7472A34C18D00BBA122 /* FirebaseStorage in Frameworks */ = {isa = PBXBuildFile; productRef = 69DFC7462A34C18D00BBA122 /* FirebaseStorage */; };
		69E01FAA2A8A51A000839EF5 /* Restaurant.swift in Sources */ = {isa = PBXBuildFile; fileRef = 69E01FA92A8A51A000839EF5 /* Restaurant.swift */; };
		69E01FAC2A8A564D00839EF5 /* SearchResultsViewController.swift in Sources */ = {isa = PBXBuildFile; fileRef = 69E01FAB2A8A564D00839EF5 /* SearchResultsViewController.swift */; };
		69E01FAF2A8A62D800839EF5 /* FoodWorkerLogic.swift in Sources */ = {isa = PBXBuildFile; fileRef = 69E01FAE2A8A62D800839EF5 /* FoodWorkerLogic.swift */; };
		69E01FB12A8A633D00839EF5 /* FirebaseFoodWorker.swift in Sources */ = {isa = PBXBuildFile; fileRef = 69E01FB02A8A633D00839EF5 /* FirebaseFoodWorker.swift */; };
		69E07AFC2A0E253B005FE54D /* LastOnboardingPageViewController.swift in Sources */ = {isa = PBXBuildFile; fileRef = 69E07AFB2A0E253B005FE54D /* LastOnboardingPageViewController.swift */; };
		69E3D9A92A31BE0500F411CF /* ProfileInteractor.swift in Sources */ = {isa = PBXBuildFile; fileRef = 69E3D9A82A31BE0500F411CF /* ProfileInteractor.swift */; };
		69E3D9AB2A31BE9E00F411CF /* ProfilePresenter.swift in Sources */ = {isa = PBXBuildFile; fileRef = 69E3D9AA2A31BE9E00F411CF /* ProfilePresenter.swift */; };
		69E3D9AD2A31C47600F411CF /* ProfileModels.swift in Sources */ = {isa = PBXBuildFile; fileRef = 69E3D9AC2A31C47600F411CF /* ProfileModels.swift */; };
		69E3D9B12A31DA6200F411CF /* PreferencesViewController.swift in Sources */ = {isa = PBXBuildFile; fileRef = 69E3D9B02A31DA6200F411CF /* PreferencesViewController.swift */; };
		69E3D9B32A31DD5900F411CF /* ProfileRouter.swift in Sources */ = {isa = PBXBuildFile; fileRef = 69E3D9B22A31DD5900F411CF /* ProfileRouter.swift */; };
		69E3D9B62A31E1B000F411CF /* AccountInformationViewController.swift in Sources */ = {isa = PBXBuildFile; fileRef = 69E3D9B52A31E1B000F411CF /* AccountInformationViewController.swift */; };
		69E3D9B82A31E21600F411CF /* AccountInformationView.swift in Sources */ = {isa = PBXBuildFile; fileRef = 69E3D9B72A31E21600F411CF /* AccountInformationView.swift */; };
		69F7FA092A4AD687007F5D26 /* FoodDetailsInteractor.swift in Sources */ = {isa = PBXBuildFile; fileRef = 69F7FA082A4AD687007F5D26 /* FoodDetailsInteractor.swift */; };
		69F7FA0B2A4AD6C6007F5D26 /* FoodDetailsPresenter.swift in Sources */ = {isa = PBXBuildFile; fileRef = 69F7FA0A2A4AD6C6007F5D26 /* FoodDetailsPresenter.swift */; };
		69F7FA0D2A4B1DE2007F5D26 /* FoodDetailsModels.swift in Sources */ = {isa = PBXBuildFile; fileRef = 69F7FA0C2A4B1DE2007F5D26 /* FoodDetailsModels.swift */; };
		69F7FA0F2A4B26C1007F5D26 /* CartItem.swift in Sources */ = {isa = PBXBuildFile; fileRef = 69F7FA0E2A4B26C1007F5D26 /* CartItem.swift */; };
		69FCCBE22A1FCACB00E34D14 /* HomeInteractor.swift in Sources */ = {isa = PBXBuildFile; fileRef = 69FCCBE12A1FCACB00E34D14 /* HomeInteractor.swift */; };
		69FCCBE42A1FCAD300E34D14 /* HomePresenter.swift in Sources */ = {isa = PBXBuildFile; fileRef = 69FCCBE32A1FCAD300E34D14 /* HomePresenter.swift */; };
		69FCCBE62A1FCE1F00E34D14 /* PointOfInterestSearcher.swift in Sources */ = {isa = PBXBuildFile; fileRef = 69FCCBE52A1FCE1F00E34D14 /* PointOfInterestSearcher.swift */; };
/* End PBXBuildFile section */

/* Begin PBXContainerItemProxy section */
		690231E02A8B981D00D02EFD /* PBXContainerItemProxy */ = {
			isa = PBXContainerItemProxy;
			containerPortal = 6922475E2A0A9DEB0025C682 /* Project object */;
			proxyType = 1;
			remoteGlobalIDString = 692247652A0A9DEB0025C682;
			remoteInfo = Foodly;
		};
/* End PBXContainerItemProxy section */

/* Begin PBXFileReference section */
		690231DC2A8B981D00D02EFD /* FoodlyTests.xctest */ = {isa = PBXFileReference; explicitFileType = wrapper.cfbundle; includeInIndex = 0; path = FoodlyTests.xctest; sourceTree = BUILT_PRODUCTS_DIR; };
		690231EC2A8B9A9600D02EFD /* FoodWorkerMock.swift */ = {isa = PBXFileReference; lastKnownFileType = sourcecode.swift; path = FoodWorkerMock.swift; sourceTree = "<group>"; };
		6902D3872A7CEFF0007EE76E /* FoodGroupViewController.swift */ = {isa = PBXFileReference; lastKnownFileType = sourcecode.swift; path = FoodGroupViewController.swift; sourceTree = "<group>"; };
		6902D3892A7CF00B007EE76E /* FoodGroupView.swift */ = {isa = PBXFileReference; lastKnownFileType = sourcecode.swift; path = FoodGroupView.swift; sourceTree = "<group>"; };
		6902D38B2A7CF0AB007EE76E /* FoodGroupInteractor.swift */ = {isa = PBXFileReference; lastKnownFileType = sourcecode.swift; path = FoodGroupInteractor.swift; sourceTree = "<group>"; };
		6902D38D2A7CF138007EE76E /* FoodGroupPresenter.swift */ = {isa = PBXFileReference; lastKnownFileType = sourcecode.swift; path = FoodGroupPresenter.swift; sourceTree = "<group>"; };
		6902D38F2A7CF162007EE76E /* FoodGroupModels.swift */ = {isa = PBXFileReference; lastKnownFileType = sourcecode.swift; path = FoodGroupModels.swift; sourceTree = "<group>"; };
		6902D3912A7CF601007EE76E /* FoodCategory.swift */ = {isa = PBXFileReference; lastKnownFileType = sourcecode.swift; path = FoodCategory.swift; sourceTree = "<group>"; };
		6912DA222A10A45A002785E3 /* FormTextField.swift */ = {isa = PBXFileReference; lastKnownFileType = sourcecode.swift; path = FormTextField.swift; sourceTree = "<group>"; };
		6912DA2B2A10C0C4002785E3 /* GoogleService-Info.plist */ = {isa = PBXFileReference; fileEncoding = 4; lastKnownFileType = text.plist.xml; path = "GoogleService-Info.plist"; sourceTree = "<group>"; };
		6912DA2D2A10C175002785E3 /* LoginPresenter.swift */ = {isa = PBXFileReference; lastKnownFileType = sourcecode.swift; path = LoginPresenter.swift; sourceTree = "<group>"; };
		6912DA2F2A10C379002785E3 /* LoginInteractor.swift */ = {isa = PBXFileReference; lastKnownFileType = sourcecode.swift; path = LoginInteractor.swift; sourceTree = "<group>"; };
		6917A82A2A13F5D1002EFA5D /* RegisterView.swift */ = {isa = PBXFileReference; lastKnownFileType = sourcecode.swift; path = RegisterView.swift; sourceTree = "<group>"; };
		6917A82C2A14E18D002EFA5D /* RegisterModels.swift */ = {isa = PBXFileReference; lastKnownFileType = sourcecode.swift; path = RegisterModels.swift; sourceTree = "<group>"; };
		6917A82E2A14E248002EFA5D /* RegisterInteractor.swift */ = {isa = PBXFileReference; lastKnownFileType = sourcecode.swift; path = RegisterInteractor.swift; sourceTree = "<group>"; };
		6917A8302A14E29F002EFA5D /* RegisterPresenter.swift */ = {isa = PBXFileReference; lastKnownFileType = sourcecode.swift; path = RegisterPresenter.swift; sourceTree = "<group>"; };
		6917A8332A151646002EFA5D /* ForgetPasswordViewController.swift */ = {isa = PBXFileReference; lastKnownFileType = sourcecode.swift; path = ForgetPasswordViewController.swift; sourceTree = "<group>"; };
		6917A8352A151664002EFA5D /* ForgetPasswordView.swift */ = {isa = PBXFileReference; lastKnownFileType = sourcecode.swift; path = ForgetPasswordView.swift; sourceTree = "<group>"; };
		6917A8372A1516BC002EFA5D /* FormCardView.swift */ = {isa = PBXFileReference; lastKnownFileType = sourcecode.swift; path = FormCardView.swift; sourceTree = "<group>"; };
		691A78E52A45B3530005944A /* CartViewController.swift */ = {isa = PBXFileReference; lastKnownFileType = sourcecode.swift; path = CartViewController.swift; sourceTree = "<group>"; };
		691A78E72A45B3660005944A /* CartInteractor.swift */ = {isa = PBXFileReference; lastKnownFileType = sourcecode.swift; path = CartInteractor.swift; sourceTree = "<group>"; };
		691A78E92A45BD720005944A /* CartModels.swift */ = {isa = PBXFileReference; lastKnownFileType = sourcecode.swift; path = CartModels.swift; sourceTree = "<group>"; };
		692247662A0A9DEB0025C682 /* Foodly.app */ = {isa = PBXFileReference; explicitFileType = wrapper.application; includeInIndex = 0; path = Foodly.app; sourceTree = BUILT_PRODUCTS_DIR; };
		692247692A0A9DEB0025C682 /* AppDelegate.swift */ = {isa = PBXFileReference; lastKnownFileType = sourcecode.swift; path = AppDelegate.swift; sourceTree = "<group>"; };
		6922476B2A0A9DEB0025C682 /* SceneDelegate.swift */ = {isa = PBXFileReference; lastKnownFileType = sourcecode.swift; path = SceneDelegate.swift; sourceTree = "<group>"; };
		692247722A0A9DED0025C682 /* Assets.xcassets */ = {isa = PBXFileReference; lastKnownFileType = folder.assetcatalog; path = Assets.xcassets; sourceTree = "<group>"; };
		692247772A0A9DED0025C682 /* Info.plist */ = {isa = PBXFileReference; lastKnownFileType = text.plist.xml; path = Info.plist; sourceTree = "<group>"; };
		692247832A0AA5680025C682 /* OnboardingViewController.swift */ = {isa = PBXFileReference; lastKnownFileType = sourcecode.swift; path = OnboardingViewController.swift; sourceTree = "<group>"; };
		692247892A0AD6E90025C682 /* OnboardingPageViewController.swift */ = {isa = PBXFileReference; lastKnownFileType = sourcecode.swift; path = OnboardingPageViewController.swift; sourceTree = "<group>"; };
		692F01002A1CDC89005F4FB4 /* RestaurantCollectionViewCell.swift */ = {isa = PBXFileReference; lastKnownFileType = sourcecode.swift; path = RestaurantCollectionViewCell.swift; sourceTree = "<group>"; };
		692F01022A1E8022005F4FB4 /* HomeModels.swift */ = {isa = PBXFileReference; lastKnownFileType = sourcecode.swift; path = HomeModels.swift; sourceTree = "<group>"; };
		6932F8D32A2A51FC00AD1633 /* en */ = {isa = PBXFileReference; lastKnownFileType = text.plist.strings; name = en; path = en.lproj/InfoPlist.strings; sourceTree = "<group>"; };
		6932F8D52A2B69F200AD1633 /* SectionLayoutCreator.swift */ = {isa = PBXFileReference; lastKnownFileType = sourcecode.swift; path = SectionLayoutCreator.swift; sourceTree = "<group>"; };
		6932F8D92A2B80D900AD1633 /* MapKitRestaurantsWorker.swift */ = {isa = PBXFileReference; lastKnownFileType = sourcecode.swift; path = MapKitRestaurantsWorker.swift; sourceTree = "<group>"; };
		693AFEB02A2F20E000C30FC3 /* Row.swift */ = {isa = PBXFileReference; lastKnownFileType = sourcecode.swift; path = Row.swift; sourceTree = "<group>"; };
		6950C17B2A0CBA9100E4F400 /* Localizable.strings */ = {isa = PBXFileReference; lastKnownFileType = text.plist.strings; path = Localizable.strings; sourceTree = "<group>"; };
		6950C17E2A0CBC5800E4F400 /* Base */ = {isa = PBXFileReference; lastKnownFileType = file.storyboard; name = Base; path = Base.lproj/LaunchScreen.storyboard; sourceTree = "<group>"; };
		69544D202A2DE3F2008AF4BC /* ProfileViewController.swift */ = {isa = PBXFileReference; lastKnownFileType = sourcecode.swift; path = ProfileViewController.swift; sourceTree = "<group>"; };
		69544D222A2DE568008AF4BC /* ProfileView.swift */ = {isa = PBXFileReference; lastKnownFileType = sourcecode.swift; path = ProfileView.swift; sourceTree = "<group>"; };
		695E8D222A1A8795009F381B /* LocationView.swift */ = {isa = PBXFileReference; lastKnownFileType = sourcecode.swift; path = LocationView.swift; sourceTree = "<group>"; };
		6976576A2A18A43400DF38EA /* TabBarController.swift */ = {isa = PBXFileReference; lastKnownFileType = sourcecode.swift; path = TabBarController.swift; sourceTree = "<group>"; };
		6976576D2A18A4A800DF38EA /* HomeViewController.swift */ = {isa = PBXFileReference; lastKnownFileType = sourcecode.swift; path = HomeViewController.swift; sourceTree = "<group>"; };
		697A68D52A306525007CE40C /* CollectionViewHeader.swift */ = {isa = PBXFileReference; lastKnownFileType = sourcecode.swift; path = CollectionViewHeader.swift; sourceTree = "<group>"; };
		69825D992A4871E400D7988C /* CartPresenter.swift */ = {isa = PBXFileReference; lastKnownFileType = sourcecode.swift; path = CartPresenter.swift; sourceTree = "<group>"; };
		69825D9B2A48772F00D7988C /* CartView.swift */ = {isa = PBXFileReference; lastKnownFileType = sourcecode.swift; path = CartView.swift; sourceTree = "<group>"; };
		69825D9D2A48799400D7988C /* CartTableViewCell.swift */ = {isa = PBXFileReference; lastKnownFileType = sourcecode.swift; path = CartTableViewCell.swift; sourceTree = "<group>"; };
		698882C32A9DE8E30081F419 /* ItemWrapper.swift */ = {isa = PBXFileReference; lastKnownFileType = sourcecode.swift; path = ItemWrapper.swift; sourceTree = "<group>"; };
		698882C52A9E317F0081F419 /* NoResultsFoundView.swift */ = {isa = PBXFileReference; lastKnownFileType = sourcecode.swift; path = NoResultsFoundView.swift; sourceTree = "<group>"; };
		698BF3E52A3CC1BF00AE3F8E /* Stepper.swift */ = {isa = PBXFileReference; lastKnownFileType = sourcecode.swift; path = Stepper.swift; sourceTree = "<group>"; };
		69905EFF2A180DFC0037516C /* LoginRouter.swift */ = {isa = PBXFileReference; lastKnownFileType = sourcecode.swift; path = LoginRouter.swift; sourceTree = "<group>"; };
		699367092A8E12D800FE86C1 /* SearchResultsPresenter.swift */ = {isa = PBXFileReference; lastKnownFileType = sourcecode.swift; path = SearchResultsPresenter.swift; sourceTree = "<group>"; };
		6993670B2A8E12E200FE86C1 /* SearchResultsInteractor.swift */ = {isa = PBXFileReference; lastKnownFileType = sourcecode.swift; path = SearchResultsInteractor.swift; sourceTree = "<group>"; };
		69947D422A1283AB0062A04F /* LoginModels.swift */ = {isa = PBXFileReference; lastKnownFileType = sourcecode.swift; path = LoginModels.swift; sourceTree = "<group>"; };
		69947D4C2A12A2F60062A04F /* UIWindow + Extensions.swift */ = {isa = PBXFileReference; lastKnownFileType = sourcecode.swift; path = "UIWindow + Extensions.swift"; sourceTree = "<group>"; };
		69947D4F2A12A7C00062A04F /* RegisterViewController.swift */ = {isa = PBXFileReference; lastKnownFileType = sourcecode.swift; path = RegisterViewController.swift; sourceTree = "<group>"; };
		6999B3DE2A38BB5100E83C9E /* FoodDetailsViewController.swift */ = {isa = PBXFileReference; lastKnownFileType = sourcecode.swift; path = FoodDetailsViewController.swift; sourceTree = "<group>"; };
		6999B3E02A38BC2900E83C9E /* FoodDetailsView.swift */ = {isa = PBXFileReference; lastKnownFileType = sourcecode.swift; path = FoodDetailsView.swift; sourceTree = "<group>"; };
		6999B3E22A38D96700E83C9E /* PriceView.swift */ = {isa = PBXFileReference; lastKnownFileType = sourcecode.swift; path = PriceView.swift; sourceTree = "<group>"; };
		6999C8172A969B0900A9AE32 /* RestaurantWorkerLogic.swift */ = {isa = PBXFileReference; lastKnownFileType = sourcecode.swift; path = RestaurantWorkerLogic.swift; sourceTree = "<group>"; };
		699F3D2A2A16381400F56A9C /* ForgetPasswordModels.swift */ = {isa = PBXFileReference; lastKnownFileType = sourcecode.swift; path = ForgetPasswordModels.swift; sourceTree = "<group>"; };
		699F3D2C2A163A8D00F56A9C /* ForgetPasswordInteractor.swift */ = {isa = PBXFileReference; lastKnownFileType = sourcecode.swift; path = ForgetPasswordInteractor.swift; sourceTree = "<group>"; };
		699F3D2E2A163B1700F56A9C /* ForgetPasswordPresenter.swift */ = {isa = PBXFileReference; lastKnownFileType = sourcecode.swift; path = ForgetPasswordPresenter.swift; sourceTree = "<group>"; };
		69B2D93E2A0E992800323A8A /* LoginView.swift */ = {isa = PBXFileReference; lastKnownFileType = sourcecode.swift; path = LoginView.swift; sourceTree = "<group>"; };
		69B2D9402A0E993700323A8A /* LoginViewController.swift */ = {isa = PBXFileReference; lastKnownFileType = sourcecode.swift; path = LoginViewController.swift; sourceTree = "<group>"; };
		69B856AF2A8D05D60063A550 /* SearchResultsModels.swift */ = {isa = PBXFileReference; lastKnownFileType = sourcecode.swift; path = SearchResultsModels.swift; sourceTree = "<group>"; };
		69BC399F2A29E44400545DBD /* FoodCategoryCollectionViewCell.swift */ = {isa = PBXFileReference; lastKnownFileType = sourcecode.swift; path = FoodCategoryCollectionViewCell.swift; sourceTree = "<group>"; };
		69C3BADB2A5974BF0049E771 /* CartWorkerLogic.swift */ = {isa = PBXFileReference; lastKnownFileType = sourcecode.swift; path = CartWorkerLogic.swift; sourceTree = "<group>"; };
		69C3BADD2A5974CD0049E771 /* FirebaseCartWorker.swift */ = {isa = PBXFileReference; lastKnownFileType = sourcecode.swift; path = FirebaseCartWorker.swift; sourceTree = "<group>"; };
		69CA7CB82A41B94B007E24C1 /* HomeRouter.swift */ = {isa = PBXFileReference; lastKnownFileType = sourcecode.swift; path = HomeRouter.swift; sourceTree = "<group>"; };
		69CA7CBB2A41C2D5007E24C1 /* Food.swift */ = {isa = PBXFileReference; lastKnownFileType = sourcecode.swift; path = Food.swift; sourceTree = "<group>"; };
		69D220292A1C94060011DE4C /* HomeView.swift */ = {isa = PBXFileReference; lastKnownFileType = sourcecode.swift; path = HomeView.swift; sourceTree = "<group>"; };
		69DC1A982A276A7E00B0C700 /* NewsCollectionViewCell.swift */ = {isa = PBXFileReference; lastKnownFileType = sourcecode.swift; path = NewsCollectionViewCell.swift; sourceTree = "<group>"; };
		69DC1A9F2A277E0F00B0C700 /* FoodCollectionViewCell.swift */ = {isa = PBXFileReference; lastKnownFileType = sourcecode.swift; path = FoodCollectionViewCell.swift; sourceTree = "<group>"; };
		69DCDF332A990A9200F9E8AD /* FoodTableViewCell.swift */ = {isa = PBXFileReference; lastKnownFileType = sourcecode.swift; path = FoodTableViewCell.swift; sourceTree = "<group>"; };
		69DCDF352A990BBD00F9E8AD /* RestaurantTableViewCell.swift */ = {isa = PBXFileReference; lastKnownFileType = sourcecode.swift; path = RestaurantTableViewCell.swift; sourceTree = "<group>"; };
		69DCDF3B2A9BD40400F9E8AD /* SearchResultsView.swift */ = {isa = PBXFileReference; lastKnownFileType = sourcecode.swift; path = SearchResultsView.swift; sourceTree = "<group>"; };
		69E01FA92A8A51A000839EF5 /* Restaurant.swift */ = {isa = PBXFileReference; lastKnownFileType = sourcecode.swift; path = Restaurant.swift; sourceTree = "<group>"; };
		69E01FAB2A8A564D00839EF5 /* SearchResultsViewController.swift */ = {isa = PBXFileReference; lastKnownFileType = sourcecode.swift; path = SearchResultsViewController.swift; sourceTree = "<group>"; };
		69E01FAE2A8A62D800839EF5 /* FoodWorkerLogic.swift */ = {isa = PBXFileReference; lastKnownFileType = sourcecode.swift; path = FoodWorkerLogic.swift; sourceTree = "<group>"; };
		69E01FB02A8A633D00839EF5 /* FirebaseFoodWorker.swift */ = {isa = PBXFileReference; lastKnownFileType = sourcecode.swift; path = FirebaseFoodWorker.swift; sourceTree = "<group>"; };
		69E07AFB2A0E253B005FE54D /* LastOnboardingPageViewController.swift */ = {isa = PBXFileReference; lastKnownFileType = sourcecode.swift; path = LastOnboardingPageViewController.swift; sourceTree = "<group>"; };
		69E3D9A82A31BE0500F411CF /* ProfileInteractor.swift */ = {isa = PBXFileReference; lastKnownFileType = sourcecode.swift; path = ProfileInteractor.swift; sourceTree = "<group>"; };
		69E3D9AA2A31BE9E00F411CF /* ProfilePresenter.swift */ = {isa = PBXFileReference; lastKnownFileType = sourcecode.swift; path = ProfilePresenter.swift; sourceTree = "<group>"; };
		69E3D9AC2A31C47600F411CF /* ProfileModels.swift */ = {isa = PBXFileReference; lastKnownFileType = sourcecode.swift; path = ProfileModels.swift; sourceTree = "<group>"; };
		69E3D9B02A31DA6200F411CF /* PreferencesViewController.swift */ = {isa = PBXFileReference; lastKnownFileType = sourcecode.swift; path = PreferencesViewController.swift; sourceTree = "<group>"; };
		69E3D9B22A31DD5900F411CF /* ProfileRouter.swift */ = {isa = PBXFileReference; lastKnownFileType = sourcecode.swift; path = ProfileRouter.swift; sourceTree = "<group>"; };
		69E3D9B52A31E1B000F411CF /* AccountInformationViewController.swift */ = {isa = PBXFileReference; lastKnownFileType = sourcecode.swift; path = AccountInformationViewController.swift; sourceTree = "<group>"; };
		69E3D9B72A31E21600F411CF /* AccountInformationView.swift */ = {isa = PBXFileReference; lastKnownFileType = sourcecode.swift; path = AccountInformationView.swift; sourceTree = "<group>"; };
		69F7FA082A4AD687007F5D26 /* FoodDetailsInteractor.swift */ = {isa = PBXFileReference; lastKnownFileType = sourcecode.swift; path = FoodDetailsInteractor.swift; sourceTree = "<group>"; };
		69F7FA0A2A4AD6C6007F5D26 /* FoodDetailsPresenter.swift */ = {isa = PBXFileReference; lastKnownFileType = sourcecode.swift; path = FoodDetailsPresenter.swift; sourceTree = "<group>"; };
		69F7FA0C2A4B1DE2007F5D26 /* FoodDetailsModels.swift */ = {isa = PBXFileReference; lastKnownFileType = sourcecode.swift; path = FoodDetailsModels.swift; sourceTree = "<group>"; };
		69F7FA0E2A4B26C1007F5D26 /* CartItem.swift */ = {isa = PBXFileReference; lastKnownFileType = sourcecode.swift; path = CartItem.swift; sourceTree = "<group>"; };
		69FCCBE12A1FCACB00E34D14 /* HomeInteractor.swift */ = {isa = PBXFileReference; lastKnownFileType = sourcecode.swift; path = HomeInteractor.swift; sourceTree = "<group>"; };
		69FCCBE32A1FCAD300E34D14 /* HomePresenter.swift */ = {isa = PBXFileReference; lastKnownFileType = sourcecode.swift; path = HomePresenter.swift; sourceTree = "<group>"; };
		69FCCBE52A1FCE1F00E34D14 /* PointOfInterestSearcher.swift */ = {isa = PBXFileReference; lastKnownFileType = sourcecode.swift; path = PointOfInterestSearcher.swift; sourceTree = "<group>"; };
/* End PBXFileReference section */

/* Begin PBXFrameworksBuildPhase section */
		690231D92A8B981D00D02EFD /* Frameworks */ = {
			isa = PBXFrameworksBuildPhase;
			buildActionMask = 2147483647;
			files = (
				690231E72A8B997500D02EFD /* FirebaseAuth in Frameworks */,
				690231E92A8B999400D02EFD /* FirebaseFirestoreSwift in Frameworks */,
				690231EB2A8B99A200D02EFD /* FirebaseStorage in Frameworks */,
			);
			runOnlyForDeploymentPostprocessing = 0;
		};
		692247632A0A9DEB0025C682 /* Frameworks */ = {
			isa = PBXFrameworksBuildPhase;
			buildActionMask = 2147483647;
			files = (
				69DC1AA32A277E4500B0C700 /* Kingfisher in Frameworks */,
				69DFC7432A34C18D00BBA122 /* FirebaseAuth in Frameworks */,
				69B9AD402A0BBD2500A48E05 /* SnapKit in Frameworks */,
				69DFC7472A34C18D00BBA122 /* FirebaseStorage in Frameworks */,
				69DFC7452A34C18D00BBA122 /* FirebaseFirestoreSwift in Frameworks */,
			);
			runOnlyForDeploymentPostprocessing = 0;
		};
/* End PBXFrameworksBuildPhase section */

/* Begin PBXGroup section */
		690231DD2A8B981D00D02EFD /* FoodlyTests */ = {
			isa = PBXGroup;
			children = (
				690231EC2A8B9A9600D02EFD /* FoodWorkerMock.swift */,
			);
			path = FoodlyTests;
			sourceTree = "<group>";
		};
		690231E52A8B997500D02EFD /* Frameworks */ = {
			isa = PBXGroup;
			children = (
			);
			name = Frameworks;
			sourceTree = "<group>";
		};
		6902D3862A7CEFE1007EE76E /* FoodGroup */ = {
			isa = PBXGroup;
			children = (
				6902D3872A7CEFF0007EE76E /* FoodGroupViewController.swift */,
				6902D3892A7CF00B007EE76E /* FoodGroupView.swift */,
				6902D38B2A7CF0AB007EE76E /* FoodGroupInteractor.swift */,
				6902D38D2A7CF138007EE76E /* FoodGroupPresenter.swift */,
				6902D38F2A7CF162007EE76E /* FoodGroupModels.swift */,
			);
			path = FoodGroup;
			sourceTree = "<group>";
		};
		6912DA212A10A2E9002785E3 /* FoodlyUI */ = {
			isa = PBXGroup;
			children = (
				6912DA222A10A45A002785E3 /* FormTextField.swift */,
				6917A8372A1516BC002EFA5D /* FormCardView.swift */,
				695E8D222A1A8795009F381B /* LocationView.swift */,
				692F01002A1CDC89005F4FB4 /* RestaurantCollectionViewCell.swift */,
				69DC1A982A276A7E00B0C700 /* NewsCollectionViewCell.swift */,
				69DC1A9F2A277E0F00B0C700 /* FoodCollectionViewCell.swift */,
				69BC399F2A29E44400545DBD /* FoodCategoryCollectionViewCell.swift */,
				697A68D52A306525007CE40C /* CollectionViewHeader.swift */,
				6999B3E22A38D96700E83C9E /* PriceView.swift */,
				698BF3E52A3CC1BF00AE3F8E /* Stepper.swift */,
				69DCDF332A990A9200F9E8AD /* FoodTableViewCell.swift */,
				69DCDF352A990BBD00F9E8AD /* RestaurantTableViewCell.swift */,
			);
			path = FoodlyUI;
			sourceTree = "<group>";
		};
		6917A8322A151638002EFA5D /* ForgetPassword */ = {
			isa = PBXGroup;
			children = (
				6917A8332A151646002EFA5D /* ForgetPasswordViewController.swift */,
				6917A8352A151664002EFA5D /* ForgetPasswordView.swift */,
				699F3D2A2A16381400F56A9C /* ForgetPasswordModels.swift */,
				699F3D2C2A163A8D00F56A9C /* ForgetPasswordInteractor.swift */,
				699F3D2E2A163B1700F56A9C /* ForgetPasswordPresenter.swift */,
			);
			path = ForgetPassword;
			sourceTree = "<group>";
		};
		691A78E42A45B3480005944A /* Cart */ = {
			isa = PBXGroup;
			children = (
				69825D9D2A48799400D7988C /* CartTableViewCell.swift */,
				691A78E52A45B3530005944A /* CartViewController.swift */,
				691A78E72A45B3660005944A /* CartInteractor.swift */,
				691A78E92A45BD720005944A /* CartModels.swift */,
				69825D992A4871E400D7988C /* CartPresenter.swift */,
				69825D9B2A48772F00D7988C /* CartView.swift */,
			);
			path = Cart;
			sourceTree = "<group>";
		};
		6922475D2A0A9DEB0025C682 = {
			isa = PBXGroup;
			children = (
				692247682A0A9DEB0025C682 /* Foodly */,
				690231DD2A8B981D00D02EFD /* FoodlyTests */,
				692247672A0A9DEB0025C682 /* Products */,
				690231E52A8B997500D02EFD /* Frameworks */,
			);
			sourceTree = "<group>";
		};
		692247672A0A9DEB0025C682 /* Products */ = {
			isa = PBXGroup;
			children = (
				692247662A0A9DEB0025C682 /* Foodly.app */,
				690231DC2A8B981D00D02EFD /* FoodlyTests.xctest */,
			);
			name = Products;
			sourceTree = "<group>";
		};
		692247682A0A9DEB0025C682 /* Foodly */ = {
			isa = PBXGroup;
			children = (
				69B856AE2A8D05AD0063A550 /* SearchResults */,
				6902D3862A7CEFE1007EE76E /* FoodGroup */,
				69C3BAD52A595CC70049E771 /* Workers */,
				69CA7CBA2A41C282007E24C1 /* Models */,
				691A78E42A45B3480005944A /* Cart */,
				6999B3DD2A38BB4200E83C9E /* FoodDetails */,
				69E3D9B42A31E1A200F411CF /* AccountInformation */,
				69E3D9AF2A31DA5400F411CF /* Preferences */,
				69E3D9AE2A31D9EC00F411CF /* FoodlyCore */,
				69544D1F2A2DE3B3008AF4BC /* Profile */,
				6976576C2A18A49C00DF38EA /* Home */,
				6917A8322A151638002EFA5D /* ForgetPassword */,
				69947D4E2A12A7AF0062A04F /* Register */,
				6912DA212A10A2E9002785E3 /* FoodlyUI */,
				69B2D93D2A0E991900323A8A /* Login */,
				6950C17A2A0CBA5A00E4F400 /* Resources */,
				692247802A0AA5180025C682 /* Onboarding */,
				692247692A0A9DEB0025C682 /* AppDelegate.swift */,
				6922476B2A0A9DEB0025C682 /* SceneDelegate.swift */,
				6976576A2A18A43400DF38EA /* TabBarController.swift */,
				69FCCBE52A1FCE1F00E34D14 /* PointOfInterestSearcher.swift */,
			);
			path = Foodly;
			sourceTree = "<group>";
		};
		692247802A0AA5180025C682 /* Onboarding */ = {
			isa = PBXGroup;
			children = (
				692247832A0AA5680025C682 /* OnboardingViewController.swift */,
				692247892A0AD6E90025C682 /* OnboardingPageViewController.swift */,
				69E07AFB2A0E253B005FE54D /* LastOnboardingPageViewController.swift */,
			);
			path = Onboarding;
			sourceTree = "<group>";
		};
		6950C17A2A0CBA5A00E4F400 /* Resources */ = {
			isa = PBXGroup;
			children = (
				6912DA2B2A10C0C4002785E3 /* GoogleService-Info.plist */,
				692247722A0A9DED0025C682 /* Assets.xcassets */,
				692247742A0A9DED0025C682 /* LaunchScreen.storyboard */,
				692247772A0A9DED0025C682 /* Info.plist */,
				6950C17B2A0CBA9100E4F400 /* Localizable.strings */,
				6932F8D42A2A51FC00AD1633 /* InfoPlist.strings */,
			);
			path = Resources;
			sourceTree = "<group>";
		};
		69544D1F2A2DE3B3008AF4BC /* Profile */ = {
			isa = PBXGroup;
			children = (
				69E3D9B22A31DD5900F411CF /* ProfileRouter.swift */,
				69544D202A2DE3F2008AF4BC /* ProfileViewController.swift */,
				69544D222A2DE568008AF4BC /* ProfileView.swift */,
				69E3D9A82A31BE0500F411CF /* ProfileInteractor.swift */,
				69E3D9AA2A31BE9E00F411CF /* ProfilePresenter.swift */,
				69E3D9AC2A31C47600F411CF /* ProfileModels.swift */,
			);
			path = Profile;
			sourceTree = "<group>";
		};
		6976576C2A18A49C00DF38EA /* Home */ = {
			isa = PBXGroup;
			children = (
				6976576D2A18A4A800DF38EA /* HomeViewController.swift */,
				69D220292A1C94060011DE4C /* HomeView.swift */,
				69CA7CB82A41B94B007E24C1 /* HomeRouter.swift */,
				692F01022A1E8022005F4FB4 /* HomeModels.swift */,
				69FCCBE12A1FCACB00E34D14 /* HomeInteractor.swift */,
				69FCCBE32A1FCAD300E34D14 /* HomePresenter.swift */,
				6932F8D52A2B69F200AD1633 /* SectionLayoutCreator.swift */,
			);
			path = Home;
			sourceTree = "<group>";
		};
		69947D4B2A12A2E00062A04F /* Extensions */ = {
			isa = PBXGroup;
			children = (
				69947D4C2A12A2F60062A04F /* UIWindow + Extensions.swift */,
			);
			path = Extensions;
			sourceTree = "<group>";
		};
		69947D4E2A12A7AF0062A04F /* Register */ = {
			isa = PBXGroup;
			children = (
				69947D4F2A12A7C00062A04F /* RegisterViewController.swift */,
				6917A82A2A13F5D1002EFA5D /* RegisterView.swift */,
				6917A82C2A14E18D002EFA5D /* RegisterModels.swift */,
				6917A82E2A14E248002EFA5D /* RegisterInteractor.swift */,
				6917A8302A14E29F002EFA5D /* RegisterPresenter.swift */,
			);
			path = Register;
			sourceTree = "<group>";
		};
		6999B3DD2A38BB4200E83C9E /* FoodDetails */ = {
			isa = PBXGroup;
			children = (
				6999B3DE2A38BB5100E83C9E /* FoodDetailsViewController.swift */,
				6999B3E02A38BC2900E83C9E /* FoodDetailsView.swift */,
				69F7FA082A4AD687007F5D26 /* FoodDetailsInteractor.swift */,
				69F7FA0A2A4AD6C6007F5D26 /* FoodDetailsPresenter.swift */,
				69F7FA0C2A4B1DE2007F5D26 /* FoodDetailsModels.swift */,
			);
			path = FoodDetails;
			sourceTree = "<group>";
		};
		6999C8162A969AF800A9AE32 /* RestaurantWorker */ = {
			isa = PBXGroup;
			children = (
				6932F8D92A2B80D900AD1633 /* MapKitRestaurantsWorker.swift */,
				6999C8172A969B0900A9AE32 /* RestaurantWorkerLogic.swift */,
			);
			path = RestaurantWorker;
			sourceTree = "<group>";
		};
		69B2D93D2A0E991900323A8A /* Login */ = {
			isa = PBXGroup;
			children = (
				69905EFF2A180DFC0037516C /* LoginRouter.swift */,
				69B2D93E2A0E992800323A8A /* LoginView.swift */,
				69B2D9402A0E993700323A8A /* LoginViewController.swift */,
				6912DA2D2A10C175002785E3 /* LoginPresenter.swift */,
				6912DA2F2A10C379002785E3 /* LoginInteractor.swift */,
				69947D422A1283AB0062A04F /* LoginModels.swift */,
			);
			path = Login;
			sourceTree = "<group>";
		};
		69B856AE2A8D05AD0063A550 /* SearchResults */ = {
			isa = PBXGroup;
			children = (
				69E01FAB2A8A564D00839EF5 /* SearchResultsViewController.swift */,
				69B856AF2A8D05D60063A550 /* SearchResultsModels.swift */,
				699367092A8E12D800FE86C1 /* SearchResultsPresenter.swift */,
				6993670B2A8E12E200FE86C1 /* SearchResultsInteractor.swift */,
				69DCDF3B2A9BD40400F9E8AD /* SearchResultsView.swift */,
				698882C32A9DE8E30081F419 /* ItemWrapper.swift */,
				698882C52A9E317F0081F419 /* NoResultsFoundView.swift */,
			);
			path = SearchResults;
			sourceTree = "<group>";
		};
		69C3BAD52A595CC70049E771 /* Workers */ = {
			isa = PBXGroup;
			children = (
				6999C8162A969AF800A9AE32 /* RestaurantWorker */,
				69E01FAD2A8A62B800839EF5 /* FoodWorker */,
				69C3BADA2A5974AB0049E771 /* CartWorker */,
			);
			path = Workers;
			sourceTree = "<group>";
		};
		69C3BADA2A5974AB0049E771 /* CartWorker */ = {
			isa = PBXGroup;
			children = (
				69C3BADB2A5974BF0049E771 /* CartWorkerLogic.swift */,
				69C3BADD2A5974CD0049E771 /* FirebaseCartWorker.swift */,
			);
			path = CartWorker;
			sourceTree = "<group>";
		};
		69CA7CBA2A41C282007E24C1 /* Models */ = {
			isa = PBXGroup;
			children = (
				69CA7CBB2A41C2D5007E24C1 /* Food.swift */,
				69F7FA0E2A4B26C1007F5D26 /* CartItem.swift */,
				6902D3912A7CF601007EE76E /* FoodCategory.swift */,
				69E01FA92A8A51A000839EF5 /* Restaurant.swift */,
			);
			path = Models;
			sourceTree = "<group>";
		};
		69E01FAD2A8A62B800839EF5 /* FoodWorker */ = {
			isa = PBXGroup;
			children = (
				69E01FAE2A8A62D800839EF5 /* FoodWorkerLogic.swift */,
				69E01FB02A8A633D00839EF5 /* FirebaseFoodWorker.swift */,
			);
			path = FoodWorker;
			sourceTree = "<group>";
		};
		69E3D9AE2A31D9EC00F411CF /* FoodlyCore */ = {
			isa = PBXGroup;
			children = (
				693AFEB02A2F20E000C30FC3 /* Row.swift */,
				69947D4B2A12A2E00062A04F /* Extensions */,
			);
			path = FoodlyCore;
			sourceTree = "<group>";
		};
		69E3D9AF2A31DA5400F411CF /* Preferences */ = {
			isa = PBXGroup;
			children = (
				69E3D9B02A31DA6200F411CF /* PreferencesViewController.swift */,
			);
			path = Preferences;
			sourceTree = "<group>";
		};
		69E3D9B42A31E1A200F411CF /* AccountInformation */ = {
			isa = PBXGroup;
			children = (
				69E3D9B52A31E1B000F411CF /* AccountInformationViewController.swift */,
				69E3D9B72A31E21600F411CF /* AccountInformationView.swift */,
			);
			path = AccountInformation;
			sourceTree = "<group>";
		};
/* End PBXGroup section */

/* Begin PBXNativeTarget section */
		690231DB2A8B981D00D02EFD /* FoodlyTests */ = {
			isa = PBXNativeTarget;
			buildConfigurationList = 690231E22A8B981D00D02EFD /* Build configuration list for PBXNativeTarget "FoodlyTests" */;
			buildPhases = (
				690231D82A8B981D00D02EFD /* Sources */,
				690231D92A8B981D00D02EFD /* Frameworks */,
				690231DA2A8B981D00D02EFD /* Resources */,
			);
			buildRules = (
			);
			dependencies = (
				690231E12A8B981D00D02EFD /* PBXTargetDependency */,
			);
			name = FoodlyTests;
			packageProductDependencies = (
				690231E62A8B997500D02EFD /* FirebaseAuth */,
				690231E82A8B999400D02EFD /* FirebaseFirestoreSwift */,
				690231EA2A8B99A200D02EFD /* FirebaseStorage */,
			);
			productName = FoodlyTests;
			productReference = 690231DC2A8B981D00D02EFD /* FoodlyTests.xctest */;
			productType = "com.apple.product-type.bundle.unit-test";
		};
		692247652A0A9DEB0025C682 /* Foodly */ = {
			isa = PBXNativeTarget;
			buildConfigurationList = 6922477A2A0A9DED0025C682 /* Build configuration list for PBXNativeTarget "Foodly" */;
			buildPhases = (
				692247622A0A9DEB0025C682 /* Sources */,
				692247632A0A9DEB0025C682 /* Frameworks */,
				692247642A0A9DEB0025C682 /* Resources */,
			);
			buildRules = (
			);
			dependencies = (
			);
			name = Foodly;
			packageProductDependencies = (
				69B9AD3F2A0BBD2500A48E05 /* SnapKit */,
				69DC1AA22A277E4500B0C700 /* Kingfisher */,
				69DFC7422A34C18D00BBA122 /* FirebaseAuth */,
				69DFC7442A34C18D00BBA122 /* FirebaseFirestoreSwift */,
				69DFC7462A34C18D00BBA122 /* FirebaseStorage */,
			);
			productName = Foodly;
			productReference = 692247662A0A9DEB0025C682 /* Foodly.app */;
			productType = "com.apple.product-type.application";
		};
/* End PBXNativeTarget section */

/* Begin PBXProject section */
		6922475E2A0A9DEB0025C682 /* Project object */ = {
			isa = PBXProject;
			attributes = {
				BuildIndependentTargetsInParallel = 1;
				LastSwiftUpdateCheck = 1430;
				LastUpgradeCheck = 1430;
				TargetAttributes = {
					690231DB2A8B981D00D02EFD = {
						CreatedOnToolsVersion = 14.3;
						TestTargetID = 692247652A0A9DEB0025C682;
					};
					692247652A0A9DEB0025C682 = {
						CreatedOnToolsVersion = 14.3;
					};
				};
			};
			buildConfigurationList = 692247612A0A9DEB0025C682 /* Build configuration list for PBXProject "Foodly" */;
			compatibilityVersion = "Xcode 14.0";
			developmentRegion = en;
			hasScannedForEncodings = 0;
			knownRegions = (
				en,
				Base,
			);
			mainGroup = 6922475D2A0A9DEB0025C682;
			packageReferences = (
				69B9AD3E2A0BBD2500A48E05 /* XCRemoteSwiftPackageReference "SnapKit" */,
				69DC1AA12A277E4500B0C700 /* XCRemoteSwiftPackageReference "Kingfisher" */,
				69DFC7412A34C18D00BBA122 /* XCRemoteSwiftPackageReference "firebase-ios-sdk" */,
			);
			productRefGroup = 692247672A0A9DEB0025C682 /* Products */;
			projectDirPath = "";
			projectRoot = "";
			targets = (
				692247652A0A9DEB0025C682 /* Foodly */,
				690231DB2A8B981D00D02EFD /* FoodlyTests */,
			);
		};
/* End PBXProject section */

/* Begin PBXResourcesBuildPhase section */
		690231DA2A8B981D00D02EFD /* Resources */ = {
			isa = PBXResourcesBuildPhase;
			buildActionMask = 2147483647;
			files = (
			);
			runOnlyForDeploymentPostprocessing = 0;
		};
		692247642A0A9DEB0025C682 /* Resources */ = {
			isa = PBXResourcesBuildPhase;
			buildActionMask = 2147483647;
			files = (
				692247762A0A9DED0025C682 /* LaunchScreen.storyboard in Resources */,
				6912DA2C2A10C0C4002785E3 /* GoogleService-Info.plist in Resources */,
				6950C17C2A0CBA9100E4F400 /* Localizable.strings in Resources */,
				692247732A0A9DED0025C682 /* Assets.xcassets in Resources */,
				6932F8D22A2A51FC00AD1633 /* InfoPlist.strings in Resources */,
			);
			runOnlyForDeploymentPostprocessing = 0;
		};
/* End PBXResourcesBuildPhase section */

/* Begin PBXSourcesBuildPhase section */
		690231D82A8B981D00D02EFD /* Sources */ = {
			isa = PBXSourcesBuildPhase;
			buildActionMask = 2147483647;
			files = (
				690231ED2A8B9A9700D02EFD /* FoodWorkerMock.swift in Sources */,
			);
			runOnlyForDeploymentPostprocessing = 0;
		};
		692247622A0A9DEB0025C682 /* Sources */ = {
			isa = PBXSourcesBuildPhase;
			buildActionMask = 2147483647;
			files = (
				69825D9A2A4871E400D7988C /* CartPresenter.swift in Sources */,
				693AFEB12A2F20E000C30FC3 /* Row.swift in Sources */,
				692F01032A1E8022005F4FB4 /* HomeModels.swift in Sources */,
				6917A8362A151664002EFA5D /* ForgetPasswordView.swift in Sources */,
				6917A8342A151646002EFA5D /* ForgetPasswordViewController.swift in Sources */,
				698882C62A9E317F0081F419 /* NoResultsFoundView.swift in Sources */,
				69DCDF3C2A9BD40400F9E8AD /* SearchResultsView.swift in Sources */,
				69C3BADC2A5974BF0049E771 /* CartWorkerLogic.swift in Sources */,
				6999B3DF2A38BB5100E83C9E /* FoodDetailsViewController.swift in Sources */,
				6993670A2A8E12D800FE86C1 /* SearchResultsPresenter.swift in Sources */,
				69B2D9412A0E993700323A8A /* LoginViewController.swift in Sources */,
				69F7FA0B2A4AD6C6007F5D26 /* FoodDetailsPresenter.swift in Sources */,
				69BC39A02A29E44400545DBD /* FoodCategoryCollectionViewCell.swift in Sources */,
				6999B3E32A38D96700E83C9E /* PriceView.swift in Sources */,
				69B2D93F2A0E992800323A8A /* LoginView.swift in Sources */,
				69E01FAF2A8A62D800839EF5 /* FoodWorkerLogic.swift in Sources */,
				692247842A0AA5680025C682 /* OnboardingViewController.swift in Sources */,
				6993670C2A8E12E200FE86C1 /* SearchResultsInteractor.swift in Sources */,
				6932F8DA2A2B80D900AD1633 /* MapKitRestaurantsWorker.swift in Sources */,
				69947D4D2A12A2F60062A04F /* UIWindow + Extensions.swift in Sources */,
				6917A82F2A14E248002EFA5D /* RegisterInteractor.swift in Sources */,
				6902D38E2A7CF138007EE76E /* FoodGroupPresenter.swift in Sources */,
				69F7FA0F2A4B26C1007F5D26 /* CartItem.swift in Sources */,
				69F7FA0D2A4B1DE2007F5D26 /* FoodDetailsModels.swift in Sources */,
				6912DA2E2A10C175002785E3 /* LoginPresenter.swift in Sources */,
				6917A82B2A13F5D1002EFA5D /* RegisterView.swift in Sources */,
				69E01FB12A8A633D00839EF5 /* FirebaseFoodWorker.swift in Sources */,
				692F01012A1CDC8A005F4FB4 /* RestaurantCollectionViewCell.swift in Sources */,
				69E3D9A92A31BE0500F411CF /* ProfileInteractor.swift in Sources */,
				6976576B2A18A43400DF38EA /* TabBarController.swift in Sources */,
				69DCDF342A990A9200F9E8AD /* FoodTableViewCell.swift in Sources */,
				69C3BADE2A5974CD0049E771 /* FirebaseCartWorker.swift in Sources */,
				698882C42A9DE8E30081F419 /* ItemWrapper.swift in Sources */,
				699F3D2D2A163A8D00F56A9C /* ForgetPasswordInteractor.swift in Sources */,
				69D2202A2A1C94060011DE4C /* HomeView.swift in Sources */,
				6912DA232A10A45A002785E3 /* FormTextField.swift in Sources */,
				6917A82D2A14E18D002EFA5D /* RegisterModels.swift in Sources */,
				69E3D9B82A31E21600F411CF /* AccountInformationView.swift in Sources */,
				69544D232A2DE568008AF4BC /* ProfileView.swift in Sources */,
				6976576E2A18A4A800DF38EA /* HomeViewController.swift in Sources */,
				69E3D9B32A31DD5900F411CF /* ProfileRouter.swift in Sources */,
				6922476A2A0A9DEB0025C682 /* AppDelegate.swift in Sources */,
				69DCDF362A990BBD00F9E8AD /* RestaurantTableViewCell.swift in Sources */,
				69E3D9B12A31DA6200F411CF /* PreferencesViewController.swift in Sources */,
				69E01FAA2A8A51A000839EF5 /* Restaurant.swift in Sources */,
				6932F8D62A2B69F200AD1633 /* SectionLayoutCreator.swift in Sources */,
				69E3D9AB2A31BE9E00F411CF /* ProfilePresenter.swift in Sources */,
				69CA7CBC2A41C2D5007E24C1 /* Food.swift in Sources */,
				691A78EA2A45BD720005944A /* CartModels.swift in Sources */,
				6902D3922A7CF601007EE76E /* FoodCategory.swift in Sources */,
				69FCCBE22A1FCACB00E34D14 /* HomeInteractor.swift in Sources */,
				69CA7CB92A41B94B007E24C1 /* HomeRouter.swift in Sources */,
				69825D9C2A48772F00D7988C /* CartView.swift in Sources */,
				69E07AFC2A0E253B005FE54D /* LastOnboardingPageViewController.swift in Sources */,
				69E3D9B62A31E1B000F411CF /* AccountInformationViewController.swift in Sources */,
				69FCCBE42A1FCAD300E34D14 /* HomePresenter.swift in Sources */,
				69825D9E2A48799400D7988C /* CartTableViewCell.swift in Sources */,
				69947D502A12A7C00062A04F /* RegisterViewController.swift in Sources */,
				6917A8382A1516BC002EFA5D /* FormCardView.swift in Sources */,
				69FCCBE62A1FCE1F00E34D14 /* PointOfInterestSearcher.swift in Sources */,
				69E3D9AD2A31C47600F411CF /* ProfileModels.swift in Sources */,
				6902D3902A7CF162007EE76E /* FoodGroupModels.swift in Sources */,
				697A68D62A306525007CE40C /* CollectionViewHeader.swift in Sources */,
				6917A8312A14E29F002EFA5D /* RegisterPresenter.swift in Sources */,
				6999C8182A969B0900A9AE32 /* RestaurantWorkerLogic.swift in Sources */,
				6902D38A2A7CF00B007EE76E /* FoodGroupView.swift in Sources */,
				699F3D2F2A163B1700F56A9C /* ForgetPasswordPresenter.swift in Sources */,
				6922478A2A0AD6E90025C682 /* OnboardingPageViewController.swift in Sources */,
				69947D432A1283AB0062A04F /* LoginModels.swift in Sources */,
				6902D3882A7CEFF0007EE76E /* FoodGroupViewController.swift in Sources */,
				69DC1A992A276A7E00B0C700 /* NewsCollectionViewCell.swift in Sources */,
				699F3D2B2A16381400F56A9C /* ForgetPasswordModels.swift in Sources */,
				6999B3E12A38BC2900E83C9E /* FoodDetailsView.swift in Sources */,
				69905F002A180DFC0037516C /* LoginRouter.swift in Sources */,
				691A78E62A45B3530005944A /* CartViewController.swift in Sources */,
				695E8D232A1A8795009F381B /* LocationView.swift in Sources */,
				6912DA302A10C379002785E3 /* LoginInteractor.swift in Sources */,
				69F7FA092A4AD687007F5D26 /* FoodDetailsInteractor.swift in Sources */,
				69E01FAC2A8A564D00839EF5 /* SearchResultsViewController.swift in Sources */,
				69B856B02A8D05D60063A550 /* SearchResultsModels.swift in Sources */,
				69544D212A2DE3F2008AF4BC /* ProfileViewController.swift in Sources */,
				691A78E82A45B3660005944A /* CartInteractor.swift in Sources */,
				69DC1AA02A277E0F00B0C700 /* FoodCollectionViewCell.swift in Sources */,
				698BF3E62A3CC1BF00AE3F8E /* Stepper.swift in Sources */,
				6922476C2A0A9DEB0025C682 /* SceneDelegate.swift in Sources */,
				6902D38C2A7CF0AB007EE76E /* FoodGroupInteractor.swift in Sources */,
			);
			runOnlyForDeploymentPostprocessing = 0;
		};
/* End PBXSourcesBuildPhase section */

/* Begin PBXTargetDependency section */
		690231E12A8B981D00D02EFD /* PBXTargetDependency */ = {
			isa = PBXTargetDependency;
			target = 692247652A0A9DEB0025C682 /* Foodly */;
			targetProxy = 690231E02A8B981D00D02EFD /* PBXContainerItemProxy */;
		};
/* End PBXTargetDependency section */

/* Begin PBXVariantGroup section */
		692247742A0A9DED0025C682 /* LaunchScreen.storyboard */ = {
			isa = PBXVariantGroup;
			children = (
				6950C17E2A0CBC5800E4F400 /* Base */,
			);
			name = LaunchScreen.storyboard;
			sourceTree = "<group>";
		};
		6932F8D42A2A51FC00AD1633 /* InfoPlist.strings */ = {
			isa = PBXVariantGroup;
			children = (
				6932F8D32A2A51FC00AD1633 /* en */,
			);
			name = InfoPlist.strings;
			sourceTree = "<group>";
		};
/* End PBXVariantGroup section */

/* Begin XCBuildConfiguration section */
		690231E32A8B981D00D02EFD /* Debug */ = {
			isa = XCBuildConfiguration;
			buildSettings = {
				BUNDLE_LOADER = "$(TEST_HOST)";
				CODE_SIGN_STYLE = Automatic;
				CURRENT_PROJECT_VERSION = 1;
				DEVELOPMENT_TEAM = KZY2C4A2P7;
				GENERATE_INFOPLIST_FILE = YES;
				MARKETING_VERSION = 1.0;
				PRODUCT_BUNDLE_IDENTIFIER = com.dewerro.FoodlyTests;
				PRODUCT_NAME = "$(TARGET_NAME)";
				SWIFT_EMIT_LOC_STRINGS = NO;
				SWIFT_VERSION = 5.0;
				TARGETED_DEVICE_FAMILY = "1,2";
				TEST_HOST = "$(BUILT_PRODUCTS_DIR)/Foodly.app/$(BUNDLE_EXECUTABLE_FOLDER_PATH)/Foodly";
			};
			name = Debug;
		};
		690231E42A8B981D00D02EFD /* Release */ = {
			isa = XCBuildConfiguration;
			buildSettings = {
				BUNDLE_LOADER = "$(TEST_HOST)";
				CODE_SIGN_STYLE = Automatic;
				CURRENT_PROJECT_VERSION = 1;
				DEVELOPMENT_TEAM = KZY2C4A2P7;
				GENERATE_INFOPLIST_FILE = YES;
				MARKETING_VERSION = 1.0;
				PRODUCT_BUNDLE_IDENTIFIER = com.dewerro.FoodlyTests;
				PRODUCT_NAME = "$(TARGET_NAME)";
				SWIFT_EMIT_LOC_STRINGS = NO;
				SWIFT_VERSION = 5.0;
				TARGETED_DEVICE_FAMILY = "1,2";
				TEST_HOST = "$(BUILT_PRODUCTS_DIR)/Foodly.app/$(BUNDLE_EXECUTABLE_FOLDER_PATH)/Foodly";
			};
			name = Release;
		};
		692247782A0A9DED0025C682 /* Debug */ = {
			isa = XCBuildConfiguration;
			buildSettings = {
				ALWAYS_SEARCH_USER_PATHS = NO;
				CLANG_ANALYZER_NONNULL = YES;
				CLANG_ANALYZER_NUMBER_OBJECT_CONVERSION = YES_AGGRESSIVE;
				CLANG_CXX_LANGUAGE_STANDARD = "gnu++20";
				CLANG_ENABLE_MODULES = YES;
				CLANG_ENABLE_OBJC_ARC = YES;
				CLANG_ENABLE_OBJC_WEAK = YES;
				CLANG_WARN_BLOCK_CAPTURE_AUTORELEASING = YES;
				CLANG_WARN_BOOL_CONVERSION = YES;
				CLANG_WARN_COMMA = YES;
				CLANG_WARN_CONSTANT_CONVERSION = YES;
				CLANG_WARN_DEPRECATED_OBJC_IMPLEMENTATIONS = YES;
				CLANG_WARN_DIRECT_OBJC_ISA_USAGE = YES_ERROR;
				CLANG_WARN_DOCUMENTATION_COMMENTS = YES;
				CLANG_WARN_EMPTY_BODY = YES;
				CLANG_WARN_ENUM_CONVERSION = YES;
				CLANG_WARN_INFINITE_RECURSION = YES;
				CLANG_WARN_INT_CONVERSION = YES;
				CLANG_WARN_NON_LITERAL_NULL_CONVERSION = YES;
				CLANG_WARN_OBJC_IMPLICIT_RETAIN_SELF = YES;
				CLANG_WARN_OBJC_LITERAL_CONVERSION = YES;
				CLANG_WARN_OBJC_ROOT_CLASS = YES_ERROR;
				CLANG_WARN_QUOTED_INCLUDE_IN_FRAMEWORK_HEADER = YES;
				CLANG_WARN_RANGE_LOOP_ANALYSIS = YES;
				CLANG_WARN_STRICT_PROTOTYPES = YES;
				CLANG_WARN_SUSPICIOUS_MOVE = YES;
				CLANG_WARN_UNGUARDED_AVAILABILITY = YES_AGGRESSIVE;
				CLANG_WARN_UNREACHABLE_CODE = YES;
				CLANG_WARN__DUPLICATE_METHOD_MATCH = YES;
				COPY_PHASE_STRIP = NO;
				DEBUG_INFORMATION_FORMAT = dwarf;
				ENABLE_STRICT_OBJC_MSGSEND = YES;
				ENABLE_TESTABILITY = YES;
				GCC_C_LANGUAGE_STANDARD = gnu11;
				GCC_DYNAMIC_NO_PIC = NO;
				GCC_NO_COMMON_BLOCKS = YES;
				GCC_OPTIMIZATION_LEVEL = 0;
				GCC_PREPROCESSOR_DEFINITIONS = (
					"DEBUG=1",
					"$(inherited)",
				);
				GCC_WARN_64_TO_32_BIT_CONVERSION = YES;
				GCC_WARN_ABOUT_RETURN_TYPE = YES_ERROR;
				GCC_WARN_UNDECLARED_SELECTOR = YES;
				GCC_WARN_UNINITIALIZED_AUTOS = YES_AGGRESSIVE;
				GCC_WARN_UNUSED_FUNCTION = YES;
				GCC_WARN_UNUSED_VARIABLE = YES;
				IPHONEOS_DEPLOYMENT_TARGET = 16.4;
				MTL_ENABLE_DEBUG_INFO = INCLUDE_SOURCE;
				MTL_FAST_MATH = YES;
				ONLY_ACTIVE_ARCH = YES;
				SDKROOT = iphoneos;
				SWIFT_ACTIVE_COMPILATION_CONDITIONS = DEBUG;
				SWIFT_OPTIMIZATION_LEVEL = "-Onone";
			};
			name = Debug;
		};
		692247792A0A9DED0025C682 /* Release */ = {
			isa = XCBuildConfiguration;
			buildSettings = {
				ALWAYS_SEARCH_USER_PATHS = NO;
				CLANG_ANALYZER_NONNULL = YES;
				CLANG_ANALYZER_NUMBER_OBJECT_CONVERSION = YES_AGGRESSIVE;
				CLANG_CXX_LANGUAGE_STANDARD = "gnu++20";
				CLANG_ENABLE_MODULES = YES;
				CLANG_ENABLE_OBJC_ARC = YES;
				CLANG_ENABLE_OBJC_WEAK = YES;
				CLANG_WARN_BLOCK_CAPTURE_AUTORELEASING = YES;
				CLANG_WARN_BOOL_CONVERSION = YES;
				CLANG_WARN_COMMA = YES;
				CLANG_WARN_CONSTANT_CONVERSION = YES;
				CLANG_WARN_DEPRECATED_OBJC_IMPLEMENTATIONS = YES;
				CLANG_WARN_DIRECT_OBJC_ISA_USAGE = YES_ERROR;
				CLANG_WARN_DOCUMENTATION_COMMENTS = YES;
				CLANG_WARN_EMPTY_BODY = YES;
				CLANG_WARN_ENUM_CONVERSION = YES;
				CLANG_WARN_INFINITE_RECURSION = YES;
				CLANG_WARN_INT_CONVERSION = YES;
				CLANG_WARN_NON_LITERAL_NULL_CONVERSION = YES;
				CLANG_WARN_OBJC_IMPLICIT_RETAIN_SELF = YES;
				CLANG_WARN_OBJC_LITERAL_CONVERSION = YES;
				CLANG_WARN_OBJC_ROOT_CLASS = YES_ERROR;
				CLANG_WARN_QUOTED_INCLUDE_IN_FRAMEWORK_HEADER = YES;
				CLANG_WARN_RANGE_LOOP_ANALYSIS = YES;
				CLANG_WARN_STRICT_PROTOTYPES = YES;
				CLANG_WARN_SUSPICIOUS_MOVE = YES;
				CLANG_WARN_UNGUARDED_AVAILABILITY = YES_AGGRESSIVE;
				CLANG_WARN_UNREACHABLE_CODE = YES;
				CLANG_WARN__DUPLICATE_METHOD_MATCH = YES;
				COPY_PHASE_STRIP = NO;
				DEBUG_INFORMATION_FORMAT = "dwarf-with-dsym";
				ENABLE_NS_ASSERTIONS = NO;
				ENABLE_STRICT_OBJC_MSGSEND = YES;
				GCC_C_LANGUAGE_STANDARD = gnu11;
				GCC_NO_COMMON_BLOCKS = YES;
				GCC_WARN_64_TO_32_BIT_CONVERSION = YES;
				GCC_WARN_ABOUT_RETURN_TYPE = YES_ERROR;
				GCC_WARN_UNDECLARED_SELECTOR = YES;
				GCC_WARN_UNINITIALIZED_AUTOS = YES_AGGRESSIVE;
				GCC_WARN_UNUSED_FUNCTION = YES;
				GCC_WARN_UNUSED_VARIABLE = YES;
				IPHONEOS_DEPLOYMENT_TARGET = 16.4;
				MTL_ENABLE_DEBUG_INFO = NO;
				MTL_FAST_MATH = YES;
				SDKROOT = iphoneos;
				SWIFT_COMPILATION_MODE = wholemodule;
				SWIFT_OPTIMIZATION_LEVEL = "-O";
				VALIDATE_PRODUCT = YES;
			};
			name = Release;
		};
		6922477B2A0A9DED0025C682 /* Debug */ = {
			isa = XCBuildConfiguration;
			buildSettings = {
				ASSETCATALOG_COMPILER_APPICON_NAME = AppIcon;
				ASSETCATALOG_COMPILER_GLOBAL_ACCENT_COLOR_NAME = AccentColor;
				CODE_SIGN_STYLE = Automatic;
				CURRENT_PROJECT_VERSION = 1;
				DEVELOPMENT_TEAM = KZY2C4A2P7;
				GENERATE_INFOPLIST_FILE = YES;
				INFOPLIST_FILE = Foodly/Resources/Info.plist;
				INFOPLIST_KEY_UIApplicationSupportsIndirectInputEvents = YES;
				INFOPLIST_KEY_UILaunchStoryboardName = LaunchScreen;
				INFOPLIST_KEY_UISupportedInterfaceOrientations_iPad = "UIInterfaceOrientationPortrait UIInterfaceOrientationPortraitUpsideDown UIInterfaceOrientationLandscapeLeft UIInterfaceOrientationLandscapeRight";
				INFOPLIST_KEY_UISupportedInterfaceOrientations_iPhone = "UIInterfaceOrientationPortrait UIInterfaceOrientationLandscapeLeft UIInterfaceOrientationLandscapeRight";
				IPHONEOS_DEPLOYMENT_TARGET = 15.0;
				LD_RUNPATH_SEARCH_PATHS = (
					"$(inherited)",
					"@executable_path/Frameworks",
				);
				MARKETING_VERSION = 1.0;
				PRODUCT_BUNDLE_IDENTIFIER = com.dewerro.Foodly;
				PRODUCT_NAME = "$(TARGET_NAME)";
				SWIFT_EMIT_LOC_STRINGS = YES;
				SWIFT_VERSION = 5.0;
				TARGETED_DEVICE_FAMILY = "1,2";
			};
			name = Debug;
		};
		6922477C2A0A9DED0025C682 /* Release */ = {
			isa = XCBuildConfiguration;
			buildSettings = {
				ASSETCATALOG_COMPILER_APPICON_NAME = AppIcon;
				ASSETCATALOG_COMPILER_GLOBAL_ACCENT_COLOR_NAME = AccentColor;
				CODE_SIGN_STYLE = Automatic;
				CURRENT_PROJECT_VERSION = 1;
				DEVELOPMENT_TEAM = KZY2C4A2P7;
				GENERATE_INFOPLIST_FILE = YES;
				INFOPLIST_FILE = Foodly/Resources/Info.plist;
				INFOPLIST_KEY_UIApplicationSupportsIndirectInputEvents = YES;
				INFOPLIST_KEY_UILaunchStoryboardName = LaunchScreen;
				INFOPLIST_KEY_UISupportedInterfaceOrientations_iPad = "UIInterfaceOrientationPortrait UIInterfaceOrientationPortraitUpsideDown UIInterfaceOrientationLandscapeLeft UIInterfaceOrientationLandscapeRight";
				INFOPLIST_KEY_UISupportedInterfaceOrientations_iPhone = "UIInterfaceOrientationPortrait UIInterfaceOrientationLandscapeLeft UIInterfaceOrientationLandscapeRight";
				IPHONEOS_DEPLOYMENT_TARGET = 15.0;
				LD_RUNPATH_SEARCH_PATHS = (
					"$(inherited)",
					"@executable_path/Frameworks",
				);
				MARKETING_VERSION = 1.0;
				PRODUCT_BUNDLE_IDENTIFIER = com.dewerro.Foodly;
				PRODUCT_NAME = "$(TARGET_NAME)";
				SWIFT_EMIT_LOC_STRINGS = YES;
				SWIFT_VERSION = 5.0;
				TARGETED_DEVICE_FAMILY = "1,2";
			};
			name = Release;
		};
/* End XCBuildConfiguration section */

/* Begin XCConfigurationList section */
		690231E22A8B981D00D02EFD /* Build configuration list for PBXNativeTarget "FoodlyTests" */ = {
			isa = XCConfigurationList;
			buildConfigurations = (
				690231E32A8B981D00D02EFD /* Debug */,
				690231E42A8B981D00D02EFD /* Release */,
			);
			defaultConfigurationIsVisible = 0;
			defaultConfigurationName = Release;
		};
		692247612A0A9DEB0025C682 /* Build configuration list for PBXProject "Foodly" */ = {
			isa = XCConfigurationList;
			buildConfigurations = (
				692247782A0A9DED0025C682 /* Debug */,
				692247792A0A9DED0025C682 /* Release */,
			);
			defaultConfigurationIsVisible = 0;
			defaultConfigurationName = Release;
		};
		6922477A2A0A9DED0025C682 /* Build configuration list for PBXNativeTarget "Foodly" */ = {
			isa = XCConfigurationList;
			buildConfigurations = (
				6922477B2A0A9DED0025C682 /* Debug */,
				6922477C2A0A9DED0025C682 /* Release */,
			);
			defaultConfigurationIsVisible = 0;
			defaultConfigurationName = Release;
		};
/* End XCConfigurationList section */

/* Begin XCRemoteSwiftPackageReference section */
		69B9AD3E2A0BBD2500A48E05 /* XCRemoteSwiftPackageReference "SnapKit" */ = {
			isa = XCRemoteSwiftPackageReference;
			repositoryURL = "https://github.com/SnapKit/SnapKit";
			requirement = {
				kind = upToNextMajorVersion;
				minimumVersion = 5.0.0;
			};
		};
		69DC1AA12A277E4500B0C700 /* XCRemoteSwiftPackageReference "Kingfisher" */ = {
			isa = XCRemoteSwiftPackageReference;
			repositoryURL = "https://github.com/onevcat/Kingfisher";
			requirement = {
				kind = upToNextMajorVersion;
				minimumVersion = 7.0.0;
			};
		};
		69DFC7412A34C18D00BBA122 /* XCRemoteSwiftPackageReference "firebase-ios-sdk" */ = {
			isa = XCRemoteSwiftPackageReference;
			repositoryURL = "https://github.com/firebase/firebase-ios-sdk";
			requirement = {
				kind = upToNextMajorVersion;
				minimumVersion = 10.0.0;
			};
		};
/* End XCRemoteSwiftPackageReference section */

/* Begin XCSwiftPackageProductDependency section */
		690231E62A8B997500D02EFD /* FirebaseAuth */ = {
			isa = XCSwiftPackageProductDependency;
			package = 69DFC7412A34C18D00BBA122 /* XCRemoteSwiftPackageReference "firebase-ios-sdk" */;
			productName = FirebaseAuth;
		};
		690231E82A8B999400D02EFD /* FirebaseFirestoreSwift */ = {
			isa = XCSwiftPackageProductDependency;
			package = 69DFC7412A34C18D00BBA122 /* XCRemoteSwiftPackageReference "firebase-ios-sdk" */;
			productName = FirebaseFirestoreSwift;
		};
		690231EA2A8B99A200D02EFD /* FirebaseStorage */ = {
			isa = XCSwiftPackageProductDependency;
			package = 69DFC7412A34C18D00BBA122 /* XCRemoteSwiftPackageReference "firebase-ios-sdk" */;
			productName = FirebaseStorage;
		};
		69B9AD3F2A0BBD2500A48E05 /* SnapKit */ = {
			isa = XCSwiftPackageProductDependency;
			package = 69B9AD3E2A0BBD2500A48E05 /* XCRemoteSwiftPackageReference "SnapKit" */;
			productName = SnapKit;
		};
		69DC1AA22A277E4500B0C700 /* Kingfisher */ = {
			isa = XCSwiftPackageProductDependency;
			package = 69DC1AA12A277E4500B0C700 /* XCRemoteSwiftPackageReference "Kingfisher" */;
			productName = Kingfisher;
		};
		69DFC7422A34C18D00BBA122 /* FirebaseAuth */ = {
			isa = XCSwiftPackageProductDependency;
			package = 69DFC7412A34C18D00BBA122 /* XCRemoteSwiftPackageReference "firebase-ios-sdk" */;
			productName = FirebaseAuth;
		};
		69DFC7442A34C18D00BBA122 /* FirebaseFirestoreSwift */ = {
			isa = XCSwiftPackageProductDependency;
			package = 69DFC7412A34C18D00BBA122 /* XCRemoteSwiftPackageReference "firebase-ios-sdk" */;
			productName = FirebaseFirestoreSwift;
		};
		69DFC7462A34C18D00BBA122 /* FirebaseStorage */ = {
			isa = XCSwiftPackageProductDependency;
			package = 69DFC7412A34C18D00BBA122 /* XCRemoteSwiftPackageReference "firebase-ios-sdk" */;
			productName = FirebaseStorage;
		};
/* End XCSwiftPackageProductDependency section */
	};
	rootObject = 6922475E2A0A9DEB0025C682 /* Project object */;
}
