// !$*UTF8*$!
{
	archiveVersion = 1;
	classes = {
	};
	objectVersion = 56;
	objects = {

/* Begin PBXBuildFile section */
		6912DA232A10A45A002785E3 /* FormTextField.swift in Sources */ = {isa = PBXBuildFile; fileRef = 6912DA222A10A45A002785E3 /* FormTextField.swift */; };
		6912DA282A10BCD1002785E3 /* FirebaseAuth in Frameworks */ = {isa = PBXBuildFile; productRef = 6912DA272A10BCD1002785E3 /* FirebaseAuth */; };
		6912DA2A2A10BCD1002785E3 /* FirebaseFirestore in Frameworks */ = {isa = PBXBuildFile; productRef = 6912DA292A10BCD1002785E3 /* FirebaseFirestore */; };
		6912DA2C2A10C0C4002785E3 /* GoogleService-Info.plist in Resources */ = {isa = PBXBuildFile; fileRef = 6912DA2B2A10C0C4002785E3 /* GoogleService-Info.plist */; };
		6912DA2E2A10C175002785E3 /* LoginPresenter.swift in Sources */ = {isa = PBXBuildFile; fileRef = 6912DA2D2A10C175002785E3 /* LoginPresenter.swift */; };
		6912DA302A10C379002785E3 /* LoginInteractor.swift in Sources */ = {isa = PBXBuildFile; fileRef = 6912DA2F2A10C379002785E3 /* LoginInteractor.swift */; };
		6912DA322A10D215002785E3 /* Router.swift in Sources */ = {isa = PBXBuildFile; fileRef = 6912DA312A10D215002785E3 /* Router.swift */; };
		6922476A2A0A9DEB0025C682 /* AppDelegate.swift in Sources */ = {isa = PBXBuildFile; fileRef = 692247692A0A9DEB0025C682 /* AppDelegate.swift */; };
		6922476C2A0A9DEB0025C682 /* SceneDelegate.swift in Sources */ = {isa = PBXBuildFile; fileRef = 6922476B2A0A9DEB0025C682 /* SceneDelegate.swift */; };
		692247732A0A9DED0025C682 /* Assets.xcassets in Resources */ = {isa = PBXBuildFile; fileRef = 692247722A0A9DED0025C682 /* Assets.xcassets */; };
		692247762A0A9DED0025C682 /* LaunchScreen.storyboard in Resources */ = {isa = PBXBuildFile; fileRef = 692247742A0A9DED0025C682 /* LaunchScreen.storyboard */; };
		692247842A0AA5680025C682 /* OnboardingViewController.swift in Sources */ = {isa = PBXBuildFile; fileRef = 692247832A0AA5680025C682 /* OnboardingViewController.swift */; };
		6922478A2A0AD6E90025C682 /* OnboardingPageViewController.swift in Sources */ = {isa = PBXBuildFile; fileRef = 692247892A0AD6E90025C682 /* OnboardingPageViewController.swift */; };
		6950C17C2A0CBA9100E4F400 /* Localizable.strings in Resources */ = {isa = PBXBuildFile; fileRef = 6950C17B2A0CBA9100E4F400 /* Localizable.strings */; };
		69947D432A1283AB0062A04F /* LoginModels.swift in Sources */ = {isa = PBXBuildFile; fileRef = 69947D422A1283AB0062A04F /* LoginModels.swift */; };
		69947D4D2A12A2F60062A04F /* UIWindow.swift in Sources */ = {isa = PBXBuildFile; fileRef = 69947D4C2A12A2F60062A04F /* UIWindow.swift */; };
		69B2D93F2A0E992800323A8A /* LoginView.swift in Sources */ = {isa = PBXBuildFile; fileRef = 69B2D93E2A0E992800323A8A /* LoginView.swift */; };
		69B2D9412A0E993700323A8A /* LoginViewController.swift in Sources */ = {isa = PBXBuildFile; fileRef = 69B2D9402A0E993700323A8A /* LoginViewController.swift */; };
		69B9AD402A0BBD2500A48E05 /* SnapKit in Frameworks */ = {isa = PBXBuildFile; productRef = 69B9AD3F2A0BBD2500A48E05 /* SnapKit */; };
		69E07AFC2A0E253B005FE54D /* LastOnboardingPageViewController.swift in Sources */ = {isa = PBXBuildFile; fileRef = 69E07AFB2A0E253B005FE54D /* LastOnboardingPageViewController.swift */; };
/* End PBXBuildFile section */

/* Begin PBXFileReference section */
		6912DA222A10A45A002785E3 /* FormTextField.swift */ = {isa = PBXFileReference; lastKnownFileType = sourcecode.swift; path = FormTextField.swift; sourceTree = "<group>"; };
		6912DA2B2A10C0C4002785E3 /* GoogleService-Info.plist */ = {isa = PBXFileReference; fileEncoding = 4; lastKnownFileType = text.plist.xml; path = "GoogleService-Info.plist"; sourceTree = "<group>"; };
		6912DA2D2A10C175002785E3 /* LoginPresenter.swift */ = {isa = PBXFileReference; lastKnownFileType = sourcecode.swift; path = LoginPresenter.swift; sourceTree = "<group>"; };
		6912DA2F2A10C379002785E3 /* LoginInteractor.swift */ = {isa = PBXFileReference; lastKnownFileType = sourcecode.swift; path = LoginInteractor.swift; sourceTree = "<group>"; };
		6912DA312A10D215002785E3 /* Router.swift */ = {isa = PBXFileReference; lastKnownFileType = sourcecode.swift; path = Router.swift; sourceTree = "<group>"; };
		692247662A0A9DEB0025C682 /* Foodly.app */ = {isa = PBXFileReference; explicitFileType = wrapper.application; includeInIndex = 0; path = Foodly.app; sourceTree = BUILT_PRODUCTS_DIR; };
		692247692A0A9DEB0025C682 /* AppDelegate.swift */ = {isa = PBXFileReference; lastKnownFileType = sourcecode.swift; path = AppDelegate.swift; sourceTree = "<group>"; };
		6922476B2A0A9DEB0025C682 /* SceneDelegate.swift */ = {isa = PBXFileReference; lastKnownFileType = sourcecode.swift; path = SceneDelegate.swift; sourceTree = "<group>"; };
		692247722A0A9DED0025C682 /* Assets.xcassets */ = {isa = PBXFileReference; lastKnownFileType = folder.assetcatalog; path = Assets.xcassets; sourceTree = "<group>"; };
		692247772A0A9DED0025C682 /* Info.plist */ = {isa = PBXFileReference; lastKnownFileType = text.plist.xml; path = Info.plist; sourceTree = "<group>"; };
		692247832A0AA5680025C682 /* OnboardingViewController.swift */ = {isa = PBXFileReference; lastKnownFileType = sourcecode.swift; path = OnboardingViewController.swift; sourceTree = "<group>"; };
		692247892A0AD6E90025C682 /* OnboardingPageViewController.swift */ = {isa = PBXFileReference; lastKnownFileType = sourcecode.swift; path = OnboardingPageViewController.swift; sourceTree = "<group>"; };
		6950C17B2A0CBA9100E4F400 /* Localizable.strings */ = {isa = PBXFileReference; lastKnownFileType = text.plist.strings; path = Localizable.strings; sourceTree = "<group>"; };
		6950C17E2A0CBC5800E4F400 /* Base */ = {isa = PBXFileReference; lastKnownFileType = file.storyboard; name = Base; path = Base.lproj/LaunchScreen.storyboard; sourceTree = "<group>"; };
		69947D422A1283AB0062A04F /* LoginModels.swift */ = {isa = PBXFileReference; lastKnownFileType = sourcecode.swift; path = LoginModels.swift; sourceTree = "<group>"; };
		69947D4C2A12A2F60062A04F /* UIWindow.swift */ = {isa = PBXFileReference; lastKnownFileType = sourcecode.swift; path = UIWindow.swift; sourceTree = "<group>"; };
		69B2D93E2A0E992800323A8A /* LoginView.swift */ = {isa = PBXFileReference; lastKnownFileType = sourcecode.swift; path = LoginView.swift; sourceTree = "<group>"; };
		69B2D9402A0E993700323A8A /* LoginViewController.swift */ = {isa = PBXFileReference; lastKnownFileType = sourcecode.swift; path = LoginViewController.swift; sourceTree = "<group>"; };
		69E07AFB2A0E253B005FE54D /* LastOnboardingPageViewController.swift */ = {isa = PBXFileReference; lastKnownFileType = sourcecode.swift; path = LastOnboardingPageViewController.swift; sourceTree = "<group>"; };
/* End PBXFileReference section */

/* Begin PBXFrameworksBuildPhase section */
		692247632A0A9DEB0025C682 /* Frameworks */ = {
			isa = PBXFrameworksBuildPhase;
			buildActionMask = 2147483647;
			files = (
				69B9AD402A0BBD2500A48E05 /* SnapKit in Frameworks */,
				6912DA282A10BCD1002785E3 /* FirebaseAuth in Frameworks */,
				6912DA2A2A10BCD1002785E3 /* FirebaseFirestore in Frameworks */,
			);
			runOnlyForDeploymentPostprocessing = 0;
		};
/* End PBXFrameworksBuildPhase section */

/* Begin PBXGroup section */
		6912DA212A10A2E9002785E3 /* FoodlyUI */ = {
			isa = PBXGroup;
			children = (
				6912DA222A10A45A002785E3 /* FormTextField.swift */,
			);
			path = FoodlyUI;
			sourceTree = "<group>";
		};
		6922475D2A0A9DEB0025C682 = {
			isa = PBXGroup;
			children = (
				692247682A0A9DEB0025C682 /* Foodly */,
				692247672A0A9DEB0025C682 /* Products */,
			);
			sourceTree = "<group>";
		};
		692247672A0A9DEB0025C682 /* Products */ = {
			isa = PBXGroup;
			children = (
				692247662A0A9DEB0025C682 /* Foodly.app */,
			);
			name = Products;
			sourceTree = "<group>";
		};
		692247682A0A9DEB0025C682 /* Foodly */ = {
			isa = PBXGroup;
			children = (
				69947D4B2A12A2E00062A04F /* Extensions */,
				6912DA212A10A2E9002785E3 /* FoodlyUI */,
				69B2D93D2A0E991900323A8A /* Login */,
				6950C17A2A0CBA5A00E4F400 /* Resources */,
				692247802A0AA5180025C682 /* Onboarding */,
				692247692A0A9DEB0025C682 /* AppDelegate.swift */,
				6922476B2A0A9DEB0025C682 /* SceneDelegate.swift */,
				6912DA312A10D215002785E3 /* Router.swift */,
			);
			path = Foodly;
			sourceTree = "<group>";
		};
		692247802A0AA5180025C682 /* Onboarding */ = {
			isa = PBXGroup;
			children = (
				692247832A0AA5680025C682 /* OnboardingViewController.swift */,
				692247892A0AD6E90025C682 /* OnboardingPageViewController.swift */,
				69E07AFB2A0E253B005FE54D /* LastOnboardingPageViewController.swift */,
			);
			path = Onboarding;
			sourceTree = "<group>";
		};
		6950C17A2A0CBA5A00E4F400 /* Resources */ = {
			isa = PBXGroup;
			children = (
				6912DA2B2A10C0C4002785E3 /* GoogleService-Info.plist */,
				692247722A0A9DED0025C682 /* Assets.xcassets */,
				692247742A0A9DED0025C682 /* LaunchScreen.storyboard */,
				692247772A0A9DED0025C682 /* Info.plist */,
				6950C17B2A0CBA9100E4F400 /* Localizable.strings */,
			);
			path = Resources;
			sourceTree = "<group>";
		};
		69947D4B2A12A2E00062A04F /* Extensions */ = {
			isa = PBXGroup;
			children = (
				69947D4C2A12A2F60062A04F /* UIWindow.swift */,
			);
			path = Extensions;
			sourceTree = "<group>";
		};
		69B2D93D2A0E991900323A8A /* Login */ = {
			isa = PBXGroup;
			children = (
				69B2D93E2A0E992800323A8A /* LoginView.swift */,
				69B2D9402A0E993700323A8A /* LoginViewController.swift */,
				6912DA2D2A10C175002785E3 /* LoginPresenter.swift */,
				6912DA2F2A10C379002785E3 /* LoginInteractor.swift */,
				69947D422A1283AB0062A04F /* LoginModels.swift */,
			);
			path = Login;
			sourceTree = "<group>";
		};
/* End PBXGroup section */

/* Begin PBXNativeTarget section */
		692247652A0A9DEB0025C682 /* Foodly */ = {
			isa = PBXNativeTarget;
			buildConfigurationList = 6922477A2A0A9DED0025C682 /* Build configuration list for PBXNativeTarget "Foodly" */;
			buildPhases = (
				692247622A0A9DEB0025C682 /* Sources */,
				692247632A0A9DEB0025C682 /* Frameworks */,
				692247642A0A9DEB0025C682 /* Resources */,
			);
			buildRules = (
			);
			dependencies = (
			);
			name = Foodly;
			packageProductDependencies = (
				69B9AD3F2A0BBD2500A48E05 /* SnapKit */,
				6912DA272A10BCD1002785E3 /* FirebaseAuth */,
				6912DA292A10BCD1002785E3 /* FirebaseFirestore */,
			);
			productName = Foodly;
			productReference = 692247662A0A9DEB0025C682 /* Foodly.app */;
			productType = "com.apple.product-type.application";
		};
/* End PBXNativeTarget section */

/* Begin PBXProject section */
		6922475E2A0A9DEB0025C682 /* Project object */ = {
			isa = PBXProject;
			attributes = {
				BuildIndependentTargetsInParallel = 1;
				LastSwiftUpdateCheck = 1430;
				LastUpgradeCheck = 1430;
				TargetAttributes = {
					692247652A0A9DEB0025C682 = {
						CreatedOnToolsVersion = 14.3;
					};
				};
			};
			buildConfigurationList = 692247612A0A9DEB0025C682 /* Build configuration list for PBXProject "Foodly" */;
			compatibilityVersion = "Xcode 14.0";
			developmentRegion = en;
			hasScannedForEncodings = 0;
			knownRegions = (
				en,
				Base,
			);
			mainGroup = 6922475D2A0A9DEB0025C682;
			packageReferences = (
				69B9AD3E2A0BBD2500A48E05 /* XCRemoteSwiftPackageReference "SnapKit" */,
				6912DA262A10BCD1002785E3 /* XCRemoteSwiftPackageReference "firebase-ios-sdk" */,
			);
			productRefGroup = 692247672A0A9DEB0025C682 /* Products */;
			projectDirPath = "";
			projectRoot = "";
			targets = (
				692247652A0A9DEB0025C682 /* Foodly */,
			);
		};
/* End PBXProject section */

/* Begin PBXResourcesBuildPhase section */
		692247642A0A9DEB0025C682 /* Resources */ = {
			isa = PBXResourcesBuildPhase;
			buildActionMask = 2147483647;
			files = (
				692247762A0A9DED0025C682 /* LaunchScreen.storyboard in Resources */,
				6912DA2C2A10C0C4002785E3 /* GoogleService-Info.plist in Resources */,
				6950C17C2A0CBA9100E4F400 /* Localizable.strings in Resources */,
				692247732A0A9DED0025C682 /* Assets.xcassets in Resources */,
			);
			runOnlyForDeploymentPostprocessing = 0;
		};
/* End PBXResourcesBuildPhase section */

/* Begin PBXSourcesBuildPhase section */
		692247622A0A9DEB0025C682 /* Sources */ = {
			isa = PBXSourcesBuildPhase;
			buildActionMask = 2147483647;
			files = (
				6912DA322A10D215002785E3 /* Router.swift in Sources */,
				69B2D9412A0E993700323A8A /* LoginViewController.swift in Sources */,
				69B2D93F2A0E992800323A8A /* LoginView.swift in Sources */,
				692247842A0AA5680025C682 /* OnboardingViewController.swift in Sources */,
				69947D4D2A12A2F60062A04F /* UIWindow.swift in Sources */,
				6912DA2E2A10C175002785E3 /* LoginPresenter.swift in Sources */,
				6912DA232A10A45A002785E3 /* FormTextField.swift in Sources */,
				6922476A2A0A9DEB0025C682 /* AppDelegate.swift in Sources */,
				69E07AFC2A0E253B005FE54D /* LastOnboardingPageViewController.swift in Sources */,
				6922478A2A0AD6E90025C682 /* OnboardingPageViewController.swift in Sources */,
				69947D432A1283AB0062A04F /* LoginModels.swift in Sources */,
				6912DA302A10C379002785E3 /* LoginInteractor.swift in Sources */,
				6922476C2A0A9DEB0025C682 /* SceneDelegate.swift in Sources */,
			);
			runOnlyForDeploymentPostprocessing = 0;
		};
/* End PBXSourcesBuildPhase section */

/* Begin PBXVariantGroup section */
		692247742A0A9DED0025C682 /* LaunchScreen.storyboard */ = {
			isa = PBXVariantGroup;
			children = (
				6950C17E2A0CBC5800E4F400 /* Base */,
			);
			name = LaunchScreen.storyboard;
			sourceTree = "<group>";
		};
/* End PBXVariantGroup section */

/* Begin XCBuildConfiguration section */
		692247782A0A9DED0025C682 /* Debug */ = {
			isa = XCBuildConfiguration;
			buildSettings = {
				ALWAYS_SEARCH_USER_PATHS = NO;
				CLANG_ANALYZER_NONNULL = YES;
				CLANG_ANALYZER_NUMBER_OBJECT_CONVERSION = YES_AGGRESSIVE;
				CLANG_CXX_LANGUAGE_STANDARD = "gnu++20";
				CLANG_ENABLE_MODULES = YES;
				CLANG_ENABLE_OBJC_ARC = YES;
				CLANG_ENABLE_OBJC_WEAK = YES;
				CLANG_WARN_BLOCK_CAPTURE_AUTORELEASING = YES;
				CLANG_WARN_BOOL_CONVERSION = YES;
				CLANG_WARN_COMMA = YES;
				CLANG_WARN_CONSTANT_CONVERSION = YES;
				CLANG_WARN_DEPRECATED_OBJC_IMPLEMENTATIONS = YES;
				CLANG_WARN_DIRECT_OBJC_ISA_USAGE = YES_ERROR;
				CLANG_WARN_DOCUMENTATION_COMMENTS = YES;
				CLANG_WARN_EMPTY_BODY = YES;
				CLANG_WARN_ENUM_CONVERSION = YES;
				CLANG_WARN_INFINITE_RECURSION = YES;
				CLANG_WARN_INT_CONVERSION = YES;
				CLANG_WARN_NON_LITERAL_NULL_CONVERSION = YES;
				CLANG_WARN_OBJC_IMPLICIT_RETAIN_SELF = YES;
				CLANG_WARN_OBJC_LITERAL_CONVERSION = YES;
				CLANG_WARN_OBJC_ROOT_CLASS = YES_ERROR;
				CLANG_WARN_QUOTED_INCLUDE_IN_FRAMEWORK_HEADER = YES;
				CLANG_WARN_RANGE_LOOP_ANALYSIS = YES;
				CLANG_WARN_STRICT_PROTOTYPES = YES;
				CLANG_WARN_SUSPICIOUS_MOVE = YES;
				CLANG_WARN_UNGUARDED_AVAILABILITY = YES_AGGRESSIVE;
				CLANG_WARN_UNREACHABLE_CODE = YES;
				CLANG_WARN__DUPLICATE_METHOD_MATCH = YES;
				COPY_PHASE_STRIP = NO;
				DEBUG_INFORMATION_FORMAT = dwarf;
				ENABLE_STRICT_OBJC_MSGSEND = YES;
				ENABLE_TESTABILITY = YES;
				GCC_C_LANGUAGE_STANDARD = gnu11;
				GCC_DYNAMIC_NO_PIC = NO;
				GCC_NO_COMMON_BLOCKS = YES;
				GCC_OPTIMIZATION_LEVEL = 0;
				GCC_PREPROCESSOR_DEFINITIONS = (
					"DEBUG=1",
					"$(inherited)",
				);
				GCC_WARN_64_TO_32_BIT_CONVERSION = YES;
				GCC_WARN_ABOUT_RETURN_TYPE = YES_ERROR;
				GCC_WARN_UNDECLARED_SELECTOR = YES;
				GCC_WARN_UNINITIALIZED_AUTOS = YES_AGGRESSIVE;
				GCC_WARN_UNUSED_FUNCTION = YES;
				GCC_WARN_UNUSED_VARIABLE = YES;
				IPHONEOS_DEPLOYMENT_TARGET = 16.4;
				MTL_ENABLE_DEBUG_INFO = INCLUDE_SOURCE;
				MTL_FAST_MATH = YES;
				ONLY_ACTIVE_ARCH = YES;
				SDKROOT = iphoneos;
				SWIFT_ACTIVE_COMPILATION_CONDITIONS = DEBUG;
				SWIFT_OPTIMIZATION_LEVEL = "-Onone";
			};
			name = Debug;
		};
		692247792A0A9DED0025C682 /* Release */ = {
			isa = XCBuildConfiguration;
			buildSettings = {
				ALWAYS_SEARCH_USER_PATHS = NO;
				CLANG_ANALYZER_NONNULL = YES;
				CLANG_ANALYZER_NUMBER_OBJECT_CONVERSION = YES_AGGRESSIVE;
				CLANG_CXX_LANGUAGE_STANDARD = "gnu++20";
				CLANG_ENABLE_MODULES = YES;
				CLANG_ENABLE_OBJC_ARC = YES;
				CLANG_ENABLE_OBJC_WEAK = YES;
				CLANG_WARN_BLOCK_CAPTURE_AUTORELEASING = YES;
				CLANG_WARN_BOOL_CONVERSION = YES;
				CLANG_WARN_COMMA = YES;
				CLANG_WARN_CONSTANT_CONVERSION = YES;
				CLANG_WARN_DEPRECATED_OBJC_IMPLEMENTATIONS = YES;
				CLANG_WARN_DIRECT_OBJC_ISA_USAGE = YES_ERROR;
				CLANG_WARN_DOCUMENTATION_COMMENTS = YES;
				CLANG_WARN_EMPTY_BODY = YES;
				CLANG_WARN_ENUM_CONVERSION = YES;
				CLANG_WARN_INFINITE_RECURSION = YES;
				CLANG_WARN_INT_CONVERSION = YES;
				CLANG_WARN_NON_LITERAL_NULL_CONVERSION = YES;
				CLANG_WARN_OBJC_IMPLICIT_RETAIN_SELF = YES;
				CLANG_WARN_OBJC_LITERAL_CONVERSION = YES;
				CLANG_WARN_OBJC_ROOT_CLASS = YES_ERROR;
				CLANG_WARN_QUOTED_INCLUDE_IN_FRAMEWORK_HEADER = YES;
				CLANG_WARN_RANGE_LOOP_ANALYSIS = YES;
				CLANG_WARN_STRICT_PROTOTYPES = YES;
				CLANG_WARN_SUSPICIOUS_MOVE = YES;
				CLANG_WARN_UNGUARDED_AVAILABILITY = YES_AGGRESSIVE;
				CLANG_WARN_UNREACHABLE_CODE = YES;
				CLANG_WARN__DUPLICATE_METHOD_MATCH = YES;
				COPY_PHASE_STRIP = NO;
				DEBUG_INFORMATION_FORMAT = "dwarf-with-dsym";
				ENABLE_NS_ASSERTIONS = NO;
				ENABLE_STRICT_OBJC_MSGSEND = YES;
				GCC_C_LANGUAGE_STANDARD = gnu11;
				GCC_NO_COMMON_BLOCKS = YES;
				GCC_WARN_64_TO_32_BIT_CONVERSION = YES;
				GCC_WARN_ABOUT_RETURN_TYPE = YES_ERROR;
				GCC_WARN_UNDECLARED_SELECTOR = YES;
				GCC_WARN_UNINITIALIZED_AUTOS = YES_AGGRESSIVE;
				GCC_WARN_UNUSED_FUNCTION = YES;
				GCC_WARN_UNUSED_VARIABLE = YES;
				IPHONEOS_DEPLOYMENT_TARGET = 16.4;
				MTL_ENABLE_DEBUG_INFO = NO;
				MTL_FAST_MATH = YES;
				SDKROOT = iphoneos;
				SWIFT_COMPILATION_MODE = wholemodule;
				SWIFT_OPTIMIZATION_LEVEL = "-O";
				VALIDATE_PRODUCT = YES;
			};
			name = Release;
		};
		6922477B2A0A9DED0025C682 /* Debug */ = {
			isa = XCBuildConfiguration;
			buildSettings = {
				ASSETCATALOG_COMPILER_APPICON_NAME = AppIcon;
				ASSETCATALOG_COMPILER_GLOBAL_ACCENT_COLOR_NAME = AccentColor;
				CODE_SIGN_STYLE = Automatic;
				CURRENT_PROJECT_VERSION = 1;
				DEVELOPMENT_TEAM = KZY2C4A2P7;
				GENERATE_INFOPLIST_FILE = YES;
				INFOPLIST_FILE = Foodly/Resources/Info.plist;
				INFOPLIST_KEY_UIApplicationSupportsIndirectInputEvents = YES;
				INFOPLIST_KEY_UILaunchStoryboardName = LaunchScreen;
				INFOPLIST_KEY_UISupportedInterfaceOrientations_iPad = "UIInterfaceOrientationPortrait UIInterfaceOrientationPortraitUpsideDown UIInterfaceOrientationLandscapeLeft UIInterfaceOrientationLandscapeRight";
				INFOPLIST_KEY_UISupportedInterfaceOrientations_iPhone = "UIInterfaceOrientationPortrait UIInterfaceOrientationLandscapeLeft UIInterfaceOrientationLandscapeRight";
				IPHONEOS_DEPLOYMENT_TARGET = 15.0;
				LD_RUNPATH_SEARCH_PATHS = (
					"$(inherited)",
					"@executable_path/Frameworks",
				);
				MARKETING_VERSION = 1.0;
				PRODUCT_BUNDLE_IDENTIFIER = com.dewerro.Foodly;
				PRODUCT_NAME = "$(TARGET_NAME)";
				SWIFT_EMIT_LOC_STRINGS = YES;
				SWIFT_VERSION = 5.0;
				TARGETED_DEVICE_FAMILY = "1,2";
			};
			name = Debug;
		};
		6922477C2A0A9DED0025C682 /* Release */ = {
			isa = XCBuildConfiguration;
			buildSettings = {
				ASSETCATALOG_COMPILER_APPICON_NAME = AppIcon;
				ASSETCATALOG_COMPILER_GLOBAL_ACCENT_COLOR_NAME = AccentColor;
				CODE_SIGN_STYLE = Automatic;
				CURRENT_PROJECT_VERSION = 1;
				DEVELOPMENT_TEAM = KZY2C4A2P7;
				GENERATE_INFOPLIST_FILE = YES;
				INFOPLIST_FILE = Foodly/Resources/Info.plist;
				INFOPLIST_KEY_UIApplicationSupportsIndirectInputEvents = YES;
				INFOPLIST_KEY_UILaunchStoryboardName = LaunchScreen;
				INFOPLIST_KEY_UISupportedInterfaceOrientations_iPad = "UIInterfaceOrientationPortrait UIInterfaceOrientationPortraitUpsideDown UIInterfaceOrientationLandscapeLeft UIInterfaceOrientationLandscapeRight";
				INFOPLIST_KEY_UISupportedInterfaceOrientations_iPhone = "UIInterfaceOrientationPortrait UIInterfaceOrientationLandscapeLeft UIInterfaceOrientationLandscapeRight";
				IPHONEOS_DEPLOYMENT_TARGET = 15.0;
				LD_RUNPATH_SEARCH_PATHS = (
					"$(inherited)",
					"@executable_path/Frameworks",
				);
				MARKETING_VERSION = 1.0;
				PRODUCT_BUNDLE_IDENTIFIER = com.dewerro.Foodly;
				PRODUCT_NAME = "$(TARGET_NAME)";
				SWIFT_EMIT_LOC_STRINGS = YES;
				SWIFT_VERSION = 5.0;
				TARGETED_DEVICE_FAMILY = "1,2";
			};
			name = Release;
		};
/* End XCBuildConfiguration section */

/* Begin XCConfigurationList section */
		692247612A0A9DEB0025C682 /* Build configuration list for PBXProject "Foodly" */ = {
			isa = XCConfigurationList;
			buildConfigurations = (
				692247782A0A9DED0025C682 /* Debug */,
				692247792A0A9DED0025C682 /* Release */,
			);
			defaultConfigurationIsVisible = 0;
			defaultConfigurationName = Release;
		};
		6922477A2A0A9DED0025C682 /* Build configuration list for PBXNativeTarget "Foodly" */ = {
			isa = XCConfigurationList;
			buildConfigurations = (
				6922477B2A0A9DED0025C682 /* Debug */,
				6922477C2A0A9DED0025C682 /* Release */,
			);
			defaultConfigurationIsVisible = 0;
			defaultConfigurationName = Release;
		};
/* End XCConfigurationList section */

/* Begin XCRemoteSwiftPackageReference section */
		6912DA262A10BCD1002785E3 /* XCRemoteSwiftPackageReference "firebase-ios-sdk" */ = {
			isa = XCRemoteSwiftPackageReference;
			repositoryURL = "https://github.com/firebase/firebase-ios-sdk";
			requirement = {
				kind = upToNextMajorVersion;
				minimumVersion = 10.0.0;
			};
		};
		69B9AD3E2A0BBD2500A48E05 /* XCRemoteSwiftPackageReference "SnapKit" */ = {
			isa = XCRemoteSwiftPackageReference;
			repositoryURL = "https://github.com/SnapKit/SnapKit";
			requirement = {
				kind = upToNextMajorVersion;
				minimumVersion = 5.0.0;
			};
		};
/* End XCRemoteSwiftPackageReference section */

/* Begin XCSwiftPackageProductDependency section */
		6912DA272A10BCD1002785E3 /* FirebaseAuth */ = {
			isa = XCSwiftPackageProductDependency;
			package = 6912DA262A10BCD1002785E3 /* XCRemoteSwiftPackageReference "firebase-ios-sdk" */;
			productName = FirebaseAuth;
		};
		6912DA292A10BCD1002785E3 /* FirebaseFirestore */ = {
			isa = XCSwiftPackageProductDependency;
			package = 6912DA262A10BCD1002785E3 /* XCRemoteSwiftPackageReference "firebase-ios-sdk" */;
			productName = FirebaseFirestore;
		};
		69B9AD3F2A0BBD2500A48E05 /* SnapKit */ = {
			isa = XCSwiftPackageProductDependency;
			package = 69B9AD3E2A0BBD2500A48E05 /* XCRemoteSwiftPackageReference "SnapKit" */;
			productName = SnapKit;
		};
/* End XCSwiftPackageProductDependency section */
	};
	rootObject = 6922475E2A0A9DEB0025C682 /* Project object */;
}
